// !$*UTF8*$!
{
	archiveVersion = 1;
	classes = {
	};
	objectVersion = 46;
	objects = {

/* Begin PBXBuildFile section */
		0015F9BD1C7EEA8A00179FD9 /* TECDelegateProxy.m in Sources */ = {isa = PBXBuildFile; fileRef = 6F59A9651C57DCAF0095289C /* TECDelegateProxy.m */; };
		0015F9C81C8088CB00179FD9 /* FetchedResultsContentProviderSearchViewController.m in Sources */ = {isa = PBXBuildFile; fileRef = 0015F9C71C8088CB00179FD9 /* FetchedResultsContentProviderSearchViewController.m */; };
		0015F9CB1C80A1E000179FD9 /* FetchedResultsContentProviderTwoEntitiesViewController.m in Sources */ = {isa = PBXBuildFile; fileRef = 0015F9CA1C80A1E000179FD9 /* FetchedResultsContentProviderTwoEntitiesViewController.m */; };
		005F13751C6F713900765CC1 /* TECFetchedResultsControllerContentProvider.m in Sources */ = {isa = PBXBuildFile; fileRef = 005F13741C6F713900765CC1 /* TECFetchedResultsControllerContentProvider.m */; };
		005F137A1C6F80CA00765CC1 /* TECBackgroundContextObjectMutator.m in Sources */ = {isa = PBXBuildFile; fileRef = 005F13791C6F80CA00765CC1 /* TECBackgroundContextObjectMutator.m */; };
		005F137D1C6F80E900765CC1 /* TECMainContextObjectGetter.m in Sources */ = {isa = PBXBuildFile; fileRef = 005F137C1C6F80E900765CC1 /* TECMainContextObjectGetter.m */; };
		005F13801C71ACFF00765CC1 /* TECCoreDataSectionModel.m in Sources */ = {isa = PBXBuildFile; fileRef = 005F137F1C71ACFF00765CC1 /* TECCoreDataSectionModel.m */; };
		008D85671C63B51C002D82F3 /* TECTableViewEditingExtender.m in Sources */ = {isa = PBXBuildFile; fileRef = 008D85661C63B51C002D82F3 /* TECTableViewEditingExtender.m */; };
		008D856A1C63B561002D82F3 /* TECTableViewDeletingExtender.m in Sources */ = {isa = PBXBuildFile; fileRef = 008D85691C63B561002D82F3 /* TECTableViewDeletingExtender.m */; };
		008D85701C648F52002D82F3 /* TECTableViewReorderingExtender.m in Sources */ = {isa = PBXBuildFile; fileRef = 008D856F1C648F52002D82F3 /* TECTableViewReorderingExtender.m */; };
		009B584C1C74D05B00CAC105 /* TECFetchedResultsControllerContentProviderSpec.m in Sources */ = {isa = PBXBuildFile; fileRef = 009B584B1C74D05B00CAC105 /* TECFetchedResultsControllerContentProviderSpec.m */; };
		00A4CA3D1C75DCFE00515A94 /* FetchedResultControllerContentProviderViewController.m in Sources */ = {isa = PBXBuildFile; fileRef = 00A4CA3C1C75DCFE00515A94 /* FetchedResultControllerContentProviderViewController.m */; };
		00A85D441C60D8FE00125C2C /* TECMemorySectionModelSpec.m in Sources */ = {isa = PBXBuildFile; fileRef = 00A85D431C60D8FE00125C2C /* TECMemorySectionModelSpec.m */; };
		00A85D461C60FCDA00125C2C /* TECMemoryContentProviderSpec.m in Sources */ = {isa = PBXBuildFile; fileRef = 00A85D451C60FCDA00125C2C /* TECMemoryContentProviderSpec.m */; };
		00AA47181C75E53900B2AD56 /* RootViewController.m in Sources */ = {isa = PBXBuildFile; fileRef = 00AA47171C75E53900B2AD56 /* RootViewController.m */; };
		00AA471B1C77039500B2AD56 /* FetchedResultsContentProviderReorderingViewController.m in Sources */ = {isa = PBXBuildFile; fileRef = 00AA471A1C77039500B2AD56 /* FetchedResultsContentProviderReorderingViewController.m */; };
		00AA471E1C77042A00B2AD56 /* CoreDataManager.m in Sources */ = {isa = PBXBuildFile; fileRef = 00AA471D1C77042A00B2AD56 /* CoreDataManager.m */; };
		00AA47211C770E2100B2AD56 /* DataSources.xcdatamodeld in Sources */ = {isa = PBXBuildFile; fileRef = 00AA471F1C770E2100B2AD56 /* DataSources.xcdatamodeld */; };
		00AA472A1C770EC400B2AD56 /* Person+CoreDataProperties.m in Sources */ = {isa = PBXBuildFile; fileRef = 00AA47231C770EC400B2AD56 /* Person+CoreDataProperties.m */; };
		00AA472B1C770EC400B2AD56 /* Person.m in Sources */ = {isa = PBXBuildFile; fileRef = 00AA47251C770EC400B2AD56 /* Person.m */; };
		00AA472C1C770EC400B2AD56 /* PersonOrdered+CoreDataProperties.m in Sources */ = {isa = PBXBuildFile; fileRef = 00AA47271C770EC400B2AD56 /* PersonOrdered+CoreDataProperties.m */; };
		00AA472D1C770EC400B2AD56 /* PersonOrdered.m in Sources */ = {isa = PBXBuildFile; fileRef = 00AA47291C770EC400B2AD56 /* PersonOrdered.m */; };
		00AA47551C7B26D000B2AD56 /* FetchedResultsContentProviderWorkaroundsViewController.m in Sources */ = {isa = PBXBuildFile; fileRef = 00AA47541C7B26D000B2AD56 /* FetchedResultsContentProviderWorkaroundsViewController.m */; };
		00AA47581C7B359600B2AD56 /* BaseTableContentProviderViewController.m in Sources */ = {isa = PBXBuildFile; fileRef = 00AA47571C7B359600B2AD56 /* BaseTableContentProviderViewController.m */; };
		3E1457A237F0ED5DAA116D60 /* libPods-DataSourcesTests.a in Frameworks */ = {isa = PBXBuildFile; fileRef = E6648EB9D0A7F2502D02AA01 /* libPods-DataSourcesTests.a */; };
		6F0124E61C8DD3F500646EB5 /* TECExtender.m in Sources */ = {isa = PBXBuildFile; fileRef = 6F0124E51C8DD3F500646EB5 /* TECExtender.m */; };
		6F0124E91C8DD40D00646EB5 /* TECExtenderSpec.m in Sources */ = {isa = PBXBuildFile; fileRef = 6F0124E81C8DD40D00646EB5 /* TECExtenderSpec.m */; };
		6F0124EB1C8DD44C00646EB5 /* TECExtenderHelpersSpec.m in Sources */ = {isa = PBXBuildFile; fileRef = 6F0124EA1C8DD44C00646EB5 /* TECExtenderHelpersSpec.m */; };
		6F0124EE1C8DDCEC00646EB5 /* TECTableViewExtenderHelpers.m in Sources */ = {isa = PBXBuildFile; fileRef = 6F0124ED1C8DDCEC00646EB5 /* TECTableViewExtenderHelpers.m */; };
		6F0125281C9301D000646EB5 /* TECPullToRefreshExtender.m in Sources */ = {isa = PBXBuildFile; fileRef = 6F0125271C9301D000646EB5 /* TECPullToRefreshExtender.m */; };
		6F01252B1C93021300646EB5 /* TECPullToRefreshExtenderSpec.m in Sources */ = {isa = PBXBuildFile; fileRef = 6F01252A1C93021300646EB5 /* TECPullToRefreshExtenderSpec.m */; };
		6F03E4E31C96D0AE005C6DF7 /* TECActivityIndicatorPullToRefresh.m in Sources */ = {isa = PBXBuildFile; fileRef = 6F03E4E21C96D0AE005C6DF7 /* TECActivityIndicatorPullToRefresh.m */; };
		6F03E4EE1C96DE9E005C6DF7 /* TECDummyLoader.m in Sources */ = {isa = PBXBuildFile; fileRef = 6F03E4ED1C96DE9E005C6DF7 /* TECDummyLoader.m */; };
		6F03E4F31C97120A005C6DF7 /* TECPullToRefreshState.m in Sources */ = {isa = PBXBuildFile; fileRef = 6F03E4F21C97120A005C6DF7 /* TECPullToRefreshState.m */; };
		6F03E4F71C971815005C6DF7 /* TECPullToRefreshStateSharedExampleSpec.m in Sources */ = {isa = PBXBuildFile; fileRef = 6F03E4F61C971815005C6DF7 /* TECPullToRefreshStateSharedExampleSpec.m */; };
		6F03E4F91C97196F005C6DF7 /* TECPullToRefreshStateSpec.m in Sources */ = {isa = PBXBuildFile; fileRef = 6F03E4F81C97196F005C6DF7 /* TECPullToRefreshStateSpec.m */; };
		6F03E5001C972585005C6DF7 /* TECPullToRefreshStateInitial.m in Sources */ = {isa = PBXBuildFile; fileRef = 6F03E4FF1C972585005C6DF7 /* TECPullToRefreshStateInitial.m */; };
		6F03E5061C9725CE005C6DF7 /* TECPullToRefreshStateInitialSpec.m in Sources */ = {isa = PBXBuildFile; fileRef = 6F03E5051C9725CE005C6DF7 /* TECPullToRefreshStateInitialSpec.m */; };
		6F03E50A1C972A57005C6DF7 /* TECPullToRefreshStatePulling.m in Sources */ = {isa = PBXBuildFile; fileRef = 6F03E5091C972A57005C6DF7 /* TECPullToRefreshStatePulling.m */; };
		6F03E5101C972B30005C6DF7 /* TECPullToRefreshStateReady.m in Sources */ = {isa = PBXBuildFile; fileRef = 6F03E50F1C972B30005C6DF7 /* TECPullToRefreshStateReady.m */; };
		6F03E5131C972B3C005C6DF7 /* TECPullToRefreshStateLoading.m in Sources */ = {isa = PBXBuildFile; fileRef = 6F03E5121C972B3C005C6DF7 /* TECPullToRefreshStateLoading.m */; };
		6F03E5161C972B48005C6DF7 /* TECPullToRefreshStateClosing.m in Sources */ = {isa = PBXBuildFile; fileRef = 6F03E5151C972B48005C6DF7 /* TECPullToRefreshStateClosing.m */; };
		6F03E5191C972BE6005C6DF7 /* TECPullToRefreshStatePullingSpec.m in Sources */ = {isa = PBXBuildFile; fileRef = 6F03E5181C972BE6005C6DF7 /* TECPullToRefreshStatePullingSpec.m */; };
		6F03E51C1C973170005C6DF7 /* TECPullToRefreshStateReadySpec.m in Sources */ = {isa = PBXBuildFile; fileRef = 6F03E51B1C973170005C6DF7 /* TECPullToRefreshStateReadySpec.m */; };
		6F03E51F1C9735A3005C6DF7 /* TECPullToRefreshStateLoadingSpec.m in Sources */ = {isa = PBXBuildFile; fileRef = 6F03E51E1C9735A3005C6DF7 /* TECPullToRefreshStateLoadingSpec.m */; };
		6F03E5221C982132005C6DF7 /* TECPullToRefreshStateClosingSpec.m in Sources */ = {isa = PBXBuildFile; fileRef = 6F03E5211C982132005C6DF7 /* TECPullToRefreshStateClosingSpec.m */; };
		6F03E5271C987640005C6DF7 /* TECScrollViewHelper.m in Sources */ = {isa = PBXBuildFile; fileRef = 6F03E5261C987640005C6DF7 /* TECScrollViewHelper.m */; };
		6F0CD60E1C51109400D09C01 /* main.m in Sources */ = {isa = PBXBuildFile; fileRef = 6F0CD60D1C51109400D09C01 /* main.m */; };
		6F0CD6111C51109400D09C01 /* AppDelegate.m in Sources */ = {isa = PBXBuildFile; fileRef = 6F0CD6101C51109400D09C01 /* AppDelegate.m */; };
		6F0CD6141C51109400D09C01 /* MemoryContentProviderViewController.m in Sources */ = {isa = PBXBuildFile; fileRef = 6F0CD6131C51109400D09C01 /* MemoryContentProviderViewController.m */; };
		6F0CD6171C51109400D09C01 /* Main.storyboard in Resources */ = {isa = PBXBuildFile; fileRef = 6F0CD6151C51109400D09C01 /* Main.storyboard */; };
		6F0CD6191C51109400D09C01 /* Assets.xcassets in Resources */ = {isa = PBXBuildFile; fileRef = 6F0CD6181C51109400D09C01 /* Assets.xcassets */; };
		6F0CD61C1C51109400D09C01 /* LaunchScreen.storyboard in Resources */ = {isa = PBXBuildFile; fileRef = 6F0CD61A1C51109400D09C01 /* LaunchScreen.storyboard */; };
		6F4855531C7375BF0006F6E5 /* TECTableViewPresentationAdapterSpec.m in Sources */ = {isa = PBXBuildFile; fileRef = 6F4855521C7375BF0006F6E5 /* TECTableViewPresentationAdapterSpec.m */; };
		6F4855551C739C720006F6E5 /* TECTableViewExtenderSpec.m in Sources */ = {isa = PBXBuildFile; fileRef = 6F4855541C739C720006F6E5 /* TECTableViewExtenderSpec.m */; };
		6F4855571C739E030006F6E5 /* TECTableViewSectionHeaderExtenderSpec.m in Sources */ = {isa = PBXBuildFile; fileRef = 6F4855561C739E030006F6E5 /* TECTableViewSectionHeaderExtenderSpec.m */; };
		6F48555B1C739F870006F6E5 /* TECTableViewSectionFooterExtenderSpec.m in Sources */ = {isa = PBXBuildFile; fileRef = 6F48555A1C739F870006F6E5 /* TECTableViewSectionFooterExtenderSpec.m */; };
		6F48555D1C73AF2C0006F6E5 /* TECTableViewCellExtenderSpec.m in Sources */ = {isa = PBXBuildFile; fileRef = 6F48555C1C73AF2C0006F6E5 /* TECTableViewCellExtenderSpec.m */; };
		6F48555F1C73B7120006F6E5 /* TECDelegateProxySpec.m in Sources */ = {isa = PBXBuildFile; fileRef = 6F48555E1C73B7120006F6E5 /* TECDelegateProxySpec.m */; };
		6F4855621C73B89F0006F6E5 /* TECDelegateProxyTestModels.m in Sources */ = {isa = PBXBuildFile; fileRef = 6F4855611C73B89F0006F6E5 /* TECDelegateProxyTestModels.m */; };
		6F550A2F1C7B5B1600846E46 /* TECCollectionViewSupplementaryRegistrationAdapterSpec.m in Sources */ = {isa = PBXBuildFile; fileRef = 6F550A2E1C7B5B1600846E46 /* TECCollectionViewSupplementaryRegistrationAdapterSpec.m */; };
		6F550A321C7B636B00846E46 /* TECSimpleReusableViewFactory.m in Sources */ = {isa = PBXBuildFile; fileRef = 6F550A311C7B636B00846E46 /* TECSimpleReusableViewFactory.m */; };
		6F550A351C7B639200846E46 /* TECCollectionViewSimpleFactorySpec.m in Sources */ = {isa = PBXBuildFile; fileRef = 6F550A341C7B639200846E46 /* TECCollectionViewSimpleFactorySpec.m */; };
		6F550A381C7B7FC200846E46 /* TECCollectionViewSupplementaryExtenderSpec.m in Sources */ = {isa = PBXBuildFile; fileRef = 6F550A361C7B7F7600846E46 /* TECCollectionViewSupplementaryExtenderSpec.m */; };
		6F550A3C1C7B802D00846E46 /* TECCollectionViewExtenderHelpers.m in Sources */ = {isa = PBXBuildFile; fileRef = 6FEC95B61C7646DB00B1094E /* TECCollectionViewExtenderHelpers.m */; };
		6F550A401C7CBEFA00846E46 /* TECBlockOperation.m in Sources */ = {isa = PBXBuildFile; fileRef = 6F550A3F1C7CBEFA00846E46 /* TECBlockOperation.m */; };
		6F550A431C7CBF1300846E46 /* TECBlockOperationSpec.m in Sources */ = {isa = PBXBuildFile; fileRef = 6F550A421C7CBF1300846E46 /* TECBlockOperationSpec.m */; };
		6F550A511C7DBC9600846E46 /* TECCollectionViewPresentationAdapter.m in Sources */ = {isa = PBXBuildFile; fileRef = 6F550A461C7DBC9600846E46 /* TECCollectionViewPresentationAdapter.m */; };
		6F550A521C7DBC9600846E46 /* TECCollectionViewCellExtender.m in Sources */ = {isa = PBXBuildFile; fileRef = 6F550A481C7DBC9600846E46 /* TECCollectionViewCellExtender.m */; };
		6F550A531C7DBC9600846E46 /* TECCollectionViewCellRegistratorAdapter.m in Sources */ = {isa = PBXBuildFile; fileRef = 6F550A4A1C7DBC9600846E46 /* TECCollectionViewCellRegistratorAdapter.m */; };
		6F550A541C7DBC9600846E46 /* TECCollectionViewExtender.m in Sources */ = {isa = PBXBuildFile; fileRef = 6F550A4C1C7DBC9600846E46 /* TECCollectionViewExtender.m */; };
		6F550A551C7DBC9600846E46 /* TECCollectionViewSupplementaryExtender.m in Sources */ = {isa = PBXBuildFile; fileRef = 6F550A4E1C7DBC9600846E46 /* TECCollectionViewSupplementaryExtender.m */; };
		6F550A561C7DBC9600846E46 /* TECCollectionViewSupplementaryRegistrationAdapter.m in Sources */ = {isa = PBXBuildFile; fileRef = 6F550A501C7DBC9600846E46 /* TECCollectionViewSupplementaryRegistrationAdapter.m */; };
		6F550A5F1C7DC29900846E46 /* TECTableViewCellRegistrationAdapter.m in Sources */ = {isa = PBXBuildFile; fileRef = 6F550A5E1C7DC29900846E46 /* TECTableViewCellRegistrationAdapter.m */; };
		6F550A631C7DC2D300846E46 /* TECTableViewCellRegistrationAdapterSpec.m in Sources */ = {isa = PBXBuildFile; fileRef = 6F550A621C7DC2D300846E46 /* TECTableViewCellRegistrationAdapterSpec.m */; };
		6F550A661C7DDF0200846E46 /* TECTableViewHeaderFooterViewRegistrationAdapter.m in Sources */ = {isa = PBXBuildFile; fileRef = 6F550A651C7DDF0200846E46 /* TECTableViewHeaderFooterViewRegistrationAdapter.m */; };
		6F550A681C7DDF8F00846E46 /* TECTableViewHeaderFooterViewRegistrationAdapterSpec.m in Sources */ = {isa = PBXBuildFile; fileRef = 6F550A671C7DDF8F00846E46 /* TECTableViewHeaderFooterViewRegistrationAdapterSpec.m */; };
		6F59A9521C57B8EB0095289C /* TECTableViewPresentationAdapter.m in Sources */ = {isa = PBXBuildFile; fileRef = 6F59A9511C57B8EB0095289C /* TECTableViewPresentationAdapter.m */; };
		6F59A96A1C58CA650095289C /* TECMemoryContentProvider.m in Sources */ = {isa = PBXBuildFile; fileRef = 6F59A9691C58CA650095289C /* TECMemoryContentProvider.m */; };
		6F59A96D1C58CA990095289C /* TECMemorySectionModel.m in Sources */ = {isa = PBXBuildFile; fileRef = 6F59A96C1C58CA990095289C /* TECMemorySectionModel.m */; };
		6F59A9701C58CDC40095289C /* TECCustomCell.m in Sources */ = {isa = PBXBuildFile; fileRef = 6F59A96F1C58CDC40095289C /* TECCustomCell.m */; };
		6F59A9811C58EC610095289C /* TECTableViewSectionHeaderExtender.m in Sources */ = {isa = PBXBuildFile; fileRef = 6F59A9801C58EC610095289C /* TECTableViewSectionHeaderExtender.m */; };
		6F59A9841C58ECF70095289C /* TECTableViewSectionFooterExtender.m in Sources */ = {isa = PBXBuildFile; fileRef = 6F59A9831C58ECF70095289C /* TECTableViewSectionFooterExtender.m */; };
		6F59A98A1C5911570095289C /* TECTableViewExtender.m in Sources */ = {isa = PBXBuildFile; fileRef = 6F59A9891C5911570095289C /* TECTableViewExtender.m */; };
		6FD26B1D1C7614C1006A0E2F /* TECCollectionViewPresentationAdapterSpec.m in Sources */ = {isa = PBXBuildFile; fileRef = 6FD26B1C1C7614C1006A0E2F /* TECCollectionViewPresentationAdapterSpec.m */; };
		6FD285C71C591D0400A11316 /* TECTableViewCellExtender.m in Sources */ = {isa = PBXBuildFile; fileRef = 6FD285C61C591D0400A11316 /* TECTableViewCellExtender.m */; };
		6FEC95B51C76455900B1094E /* TECCollectionViewExtenderSpec.m in Sources */ = {isa = PBXBuildFile; fileRef = 6FEC95B41C76455900B1094E /* TECCollectionViewExtenderSpec.m */; };
		6FEC95C21C771B6400B1094E /* TECCollectionViewCellRegistratorAdapterSpec.m in Sources */ = {isa = PBXBuildFile; fileRef = 6FEC95C11C771B6400B1094E /* TECCollectionViewCellRegistratorAdapterSpec.m */; };
		6FEC95C61C773F4F00B1094E /* TECDummyModels.m in Sources */ = {isa = PBXBuildFile; fileRef = 6FEC95C51C773F4F00B1094E /* TECDummyModels.m */; };
		6FEC95D91C7B1F6200B1094E /* TECReusableViewsFactory.m in Sources */ = {isa = PBXBuildFile; fileRef = 6FEC95D81C7B1F6200B1094E /* TECReusableViewsFactory.m */; };
		6FEC95DB1C7B1F7000B1094E /* TECReusableViewsFactorySpec.m in Sources */ = {isa = PBXBuildFile; fileRef = 6FEC95DA1C7B1F7000B1094E /* TECReusableViewsFactorySpec.m */; };
		6FEC95DD1C7B1F8D00B1094E /* TECReusableViewsFactoryHelperSpec.m in Sources */ = {isa = PBXBuildFile; fileRef = 6FEC95DC1C7B1F8D00B1094E /* TECReusableViewsFactoryHelperSpec.m */; };
		6FEC95E51C7B2ECB00B1094E /* TECCollectionViewCellExtenderSpec.m in Sources */ = {isa = PBXBuildFile; fileRef = 6FEC95E41C7B2ECB00B1094E /* TECCollectionViewCellExtenderSpec.m */; };
/* End PBXBuildFile section */

/* Begin PBXContainerItemProxy section */
		6F0CD6231C51109400D09C01 /* PBXContainerItemProxy */ = {
			isa = PBXContainerItemProxy;
			containerPortal = 6F0CD6011C51109400D09C01 /* Project object */;
			proxyType = 1;
			remoteGlobalIDString = 6F0CD6081C51109400D09C01;
			remoteInfo = DataSources;
		};
/* End PBXContainerItemProxy section */

/* Begin PBXFileReference section */
		0015F9C61C8088CB00179FD9 /* FetchedResultsContentProviderSearchViewController.h */ = {isa = PBXFileReference; fileEncoding = 4; lastKnownFileType = sourcecode.c.h; path = FetchedResultsContentProviderSearchViewController.h; sourceTree = "<group>"; };
		0015F9C71C8088CB00179FD9 /* FetchedResultsContentProviderSearchViewController.m */ = {isa = PBXFileReference; fileEncoding = 4; lastKnownFileType = sourcecode.c.objc; path = FetchedResultsContentProviderSearchViewController.m; sourceTree = "<group>"; };
		0015F9C91C80A1E000179FD9 /* FetchedResultsContentProviderTwoEntitiesViewController.h */ = {isa = PBXFileReference; fileEncoding = 4; lastKnownFileType = sourcecode.c.h; path = FetchedResultsContentProviderTwoEntitiesViewController.h; sourceTree = "<group>"; };
		0015F9CA1C80A1E000179FD9 /* FetchedResultsContentProviderTwoEntitiesViewController.m */ = {isa = PBXFileReference; fileEncoding = 4; lastKnownFileType = sourcecode.c.objc; path = FetchedResultsContentProviderTwoEntitiesViewController.m; sourceTree = "<group>"; };
		005F13731C6F713900765CC1 /* TECFetchedResultsControllerContentProvider.h */ = {isa = PBXFileReference; fileEncoding = 4; lastKnownFileType = sourcecode.c.h; path = TECFetchedResultsControllerContentProvider.h; sourceTree = "<group>"; };
		005F13741C6F713900765CC1 /* TECFetchedResultsControllerContentProvider.m */ = {isa = PBXFileReference; fileEncoding = 4; lastKnownFileType = sourcecode.c.objc; path = TECFetchedResultsControllerContentProvider.m; sourceTree = "<group>"; };
		005F13761C6F720400765CC1 /* TECFetchedResultsControllerContentProviderMutator.h */ = {isa = PBXFileReference; fileEncoding = 4; lastKnownFileType = sourcecode.c.h; path = TECFetchedResultsControllerContentProviderMutator.h; sourceTree = "<group>"; };
		005F13771C6F725B00765CC1 /* TECFetchedResultsControllerContentProviderGetter.h */ = {isa = PBXFileReference; fileEncoding = 4; lastKnownFileType = sourcecode.c.h; path = TECFetchedResultsControllerContentProviderGetter.h; sourceTree = "<group>"; };
		005F13781C6F80CA00765CC1 /* TECBackgroundContextObjectMutator.h */ = {isa = PBXFileReference; fileEncoding = 4; lastKnownFileType = sourcecode.c.h; path = TECBackgroundContextObjectMutator.h; sourceTree = "<group>"; };
		005F13791C6F80CA00765CC1 /* TECBackgroundContextObjectMutator.m */ = {isa = PBXFileReference; fileEncoding = 4; lastKnownFileType = sourcecode.c.objc; path = TECBackgroundContextObjectMutator.m; sourceTree = "<group>"; };
		005F137B1C6F80E900765CC1 /* TECMainContextObjectGetter.h */ = {isa = PBXFileReference; fileEncoding = 4; lastKnownFileType = sourcecode.c.h; path = TECMainContextObjectGetter.h; sourceTree = "<group>"; };
		005F137C1C6F80E900765CC1 /* TECMainContextObjectGetter.m */ = {isa = PBXFileReference; fileEncoding = 4; lastKnownFileType = sourcecode.c.objc; path = TECMainContextObjectGetter.m; sourceTree = "<group>"; };
		005F137E1C71ACFF00765CC1 /* TECCoreDataSectionModel.h */ = {isa = PBXFileReference; fileEncoding = 4; lastKnownFileType = sourcecode.c.h; path = TECCoreDataSectionModel.h; sourceTree = "<group>"; };
		005F137F1C71ACFF00765CC1 /* TECCoreDataSectionModel.m */ = {isa = PBXFileReference; fileEncoding = 4; lastKnownFileType = sourcecode.c.objc; path = TECCoreDataSectionModel.m; sourceTree = "<group>"; };
		008D85651C63B51C002D82F3 /* TECTableViewEditingExtender.h */ = {isa = PBXFileReference; fileEncoding = 4; lastKnownFileType = sourcecode.c.h; path = TECTableViewEditingExtender.h; sourceTree = "<group>"; };
		008D85661C63B51C002D82F3 /* TECTableViewEditingExtender.m */ = {isa = PBXFileReference; fileEncoding = 4; lastKnownFileType = sourcecode.c.objc; path = TECTableViewEditingExtender.m; sourceTree = "<group>"; };
		008D85681C63B561002D82F3 /* TECTableViewDeletingExtender.h */ = {isa = PBXFileReference; fileEncoding = 4; lastKnownFileType = sourcecode.c.h; path = TECTableViewDeletingExtender.h; sourceTree = "<group>"; };
		008D85691C63B561002D82F3 /* TECTableViewDeletingExtender.m */ = {isa = PBXFileReference; fileEncoding = 4; lastKnownFileType = sourcecode.c.objc; path = TECTableViewDeletingExtender.m; sourceTree = "<group>"; };
		008D856E1C648F52002D82F3 /* TECTableViewReorderingExtender.h */ = {isa = PBXFileReference; fileEncoding = 4; lastKnownFileType = sourcecode.c.h; path = TECTableViewReorderingExtender.h; sourceTree = "<group>"; };
		008D856F1C648F52002D82F3 /* TECTableViewReorderingExtender.m */ = {isa = PBXFileReference; fileEncoding = 4; lastKnownFileType = sourcecode.c.objc; path = TECTableViewReorderingExtender.m; sourceTree = "<group>"; };
		009B584B1C74D05B00CAC105 /* TECFetchedResultsControllerContentProviderSpec.m */ = {isa = PBXFileReference; fileEncoding = 4; lastKnownFileType = sourcecode.c.objc; path = TECFetchedResultsControllerContentProviderSpec.m; sourceTree = "<group>"; };
		00A4CA3B1C75DCFE00515A94 /* FetchedResultControllerContentProviderViewController.h */ = {isa = PBXFileReference; fileEncoding = 4; lastKnownFileType = sourcecode.c.h; path = FetchedResultControllerContentProviderViewController.h; sourceTree = "<group>"; };
		00A4CA3C1C75DCFE00515A94 /* FetchedResultControllerContentProviderViewController.m */ = {isa = PBXFileReference; fileEncoding = 4; lastKnownFileType = sourcecode.c.objc; path = FetchedResultControllerContentProviderViewController.m; sourceTree = "<group>"; };
		00A85D431C60D8FE00125C2C /* TECMemorySectionModelSpec.m */ = {isa = PBXFileReference; fileEncoding = 4; lastKnownFileType = sourcecode.c.objc; path = TECMemorySectionModelSpec.m; sourceTree = "<group>"; };
		00A85D451C60FCDA00125C2C /* TECMemoryContentProviderSpec.m */ = {isa = PBXFileReference; fileEncoding = 4; lastKnownFileType = sourcecode.c.objc; path = TECMemoryContentProviderSpec.m; sourceTree = "<group>"; };
		00AA47161C75E53900B2AD56 /* RootViewController.h */ = {isa = PBXFileReference; fileEncoding = 4; lastKnownFileType = sourcecode.c.h; path = RootViewController.h; sourceTree = "<group>"; };
		00AA47171C75E53900B2AD56 /* RootViewController.m */ = {isa = PBXFileReference; fileEncoding = 4; lastKnownFileType = sourcecode.c.objc; path = RootViewController.m; sourceTree = "<group>"; };
		00AA47191C77039500B2AD56 /* FetchedResultsContentProviderReorderingViewController.h */ = {isa = PBXFileReference; fileEncoding = 4; lastKnownFileType = sourcecode.c.h; path = FetchedResultsContentProviderReorderingViewController.h; sourceTree = "<group>"; };
		00AA471A1C77039500B2AD56 /* FetchedResultsContentProviderReorderingViewController.m */ = {isa = PBXFileReference; fileEncoding = 4; lastKnownFileType = sourcecode.c.objc; path = FetchedResultsContentProviderReorderingViewController.m; sourceTree = "<group>"; };
		00AA471C1C77042A00B2AD56 /* CoreDataManager.h */ = {isa = PBXFileReference; fileEncoding = 4; lastKnownFileType = sourcecode.c.h; path = CoreDataManager.h; sourceTree = "<group>"; };
		00AA471D1C77042A00B2AD56 /* CoreDataManager.m */ = {isa = PBXFileReference; fileEncoding = 4; lastKnownFileType = sourcecode.c.objc; path = CoreDataManager.m; sourceTree = "<group>"; };
		00AA47201C770E2100B2AD56 /* DataSources.xcdatamodel */ = {isa = PBXFileReference; lastKnownFileType = wrapper.xcdatamodel; path = DataSources.xcdatamodel; sourceTree = "<group>"; };
		00AA47221C770EC400B2AD56 /* Person+CoreDataProperties.h */ = {isa = PBXFileReference; fileEncoding = 4; lastKnownFileType = sourcecode.c.h; path = "Person+CoreDataProperties.h"; sourceTree = "<group>"; };
		00AA47231C770EC400B2AD56 /* Person+CoreDataProperties.m */ = {isa = PBXFileReference; fileEncoding = 4; lastKnownFileType = sourcecode.c.objc; path = "Person+CoreDataProperties.m"; sourceTree = "<group>"; };
		00AA47241C770EC400B2AD56 /* Person.h */ = {isa = PBXFileReference; fileEncoding = 4; lastKnownFileType = sourcecode.c.h; path = Person.h; sourceTree = "<group>"; };
		00AA47251C770EC400B2AD56 /* Person.m */ = {isa = PBXFileReference; fileEncoding = 4; lastKnownFileType = sourcecode.c.objc; path = Person.m; sourceTree = "<group>"; };
		00AA47261C770EC400B2AD56 /* PersonOrdered+CoreDataProperties.h */ = {isa = PBXFileReference; fileEncoding = 4; lastKnownFileType = sourcecode.c.h; path = "PersonOrdered+CoreDataProperties.h"; sourceTree = "<group>"; };
		00AA47271C770EC400B2AD56 /* PersonOrdered+CoreDataProperties.m */ = {isa = PBXFileReference; fileEncoding = 4; lastKnownFileType = sourcecode.c.objc; path = "PersonOrdered+CoreDataProperties.m"; sourceTree = "<group>"; };
		00AA47281C770EC400B2AD56 /* PersonOrdered.h */ = {isa = PBXFileReference; fileEncoding = 4; lastKnownFileType = sourcecode.c.h; path = PersonOrdered.h; sourceTree = "<group>"; };
		00AA47291C770EC400B2AD56 /* PersonOrdered.m */ = {isa = PBXFileReference; fileEncoding = 4; lastKnownFileType = sourcecode.c.objc; path = PersonOrdered.m; sourceTree = "<group>"; };
		00AA47531C7B26D000B2AD56 /* FetchedResultsContentProviderWorkaroundsViewController.h */ = {isa = PBXFileReference; fileEncoding = 4; lastKnownFileType = sourcecode.c.h; path = FetchedResultsContentProviderWorkaroundsViewController.h; sourceTree = "<group>"; };
		00AA47541C7B26D000B2AD56 /* FetchedResultsContentProviderWorkaroundsViewController.m */ = {isa = PBXFileReference; fileEncoding = 4; lastKnownFileType = sourcecode.c.objc; path = FetchedResultsContentProviderWorkaroundsViewController.m; sourceTree = "<group>"; };
		00AA47561C7B359600B2AD56 /* BaseTableContentProviderViewController.h */ = {isa = PBXFileReference; fileEncoding = 4; lastKnownFileType = sourcecode.c.h; path = BaseTableContentProviderViewController.h; sourceTree = "<group>"; };
		00AA47571C7B359600B2AD56 /* BaseTableContentProviderViewController.m */ = {isa = PBXFileReference; fileEncoding = 4; lastKnownFileType = sourcecode.c.objc; path = BaseTableContentProviderViewController.m; sourceTree = "<group>"; };
		1EF957566F87E00C2CAB1977 /* Pods-DataSourcesTests.debug.xcconfig */ = {isa = PBXFileReference; includeInIndex = 1; lastKnownFileType = text.xcconfig; name = "Pods-DataSourcesTests.debug.xcconfig"; path = "Pods/Target Support Files/Pods-DataSourcesTests/Pods-DataSourcesTests.debug.xcconfig"; sourceTree = "<group>"; };
		2BA9BBEB5BFFAD972BFA7ACE /* Pods-DataSourcesTests.release.xcconfig */ = {isa = PBXFileReference; includeInIndex = 1; lastKnownFileType = text.xcconfig; name = "Pods-DataSourcesTests.release.xcconfig"; path = "Pods/Target Support Files/Pods-DataSourcesTests/Pods-DataSourcesTests.release.xcconfig"; sourceTree = "<group>"; };
		6F0124E41C8DD3F500646EB5 /* TECExtender.h */ = {isa = PBXFileReference; fileEncoding = 4; lastKnownFileType = sourcecode.c.h; path = TECExtender.h; sourceTree = "<group>"; };
		6F0124E51C8DD3F500646EB5 /* TECExtender.m */ = {isa = PBXFileReference; fileEncoding = 4; lastKnownFileType = sourcecode.c.objc; path = TECExtender.m; sourceTree = "<group>"; };
		6F0124E81C8DD40D00646EB5 /* TECExtenderSpec.m */ = {isa = PBXFileReference; fileEncoding = 4; lastKnownFileType = sourcecode.c.objc; path = TECExtenderSpec.m; sourceTree = "<group>"; };
		6F0124EA1C8DD44C00646EB5 /* TECExtenderHelpersSpec.m */ = {isa = PBXFileReference; fileEncoding = 4; lastKnownFileType = sourcecode.c.objc; path = TECExtenderHelpersSpec.m; sourceTree = "<group>"; };
		6F0124ED1C8DDCEC00646EB5 /* TECTableViewExtenderHelpers.m */ = {isa = PBXFileReference; fileEncoding = 4; lastKnownFileType = sourcecode.c.objc; path = TECTableViewExtenderHelpers.m; sourceTree = "<group>"; };
		6F0125261C9301D000646EB5 /* TECPullToRefreshExtender.h */ = {isa = PBXFileReference; fileEncoding = 4; lastKnownFileType = sourcecode.c.h; path = TECPullToRefreshExtender.h; sourceTree = "<group>"; };
		6F0125271C9301D000646EB5 /* TECPullToRefreshExtender.m */ = {isa = PBXFileReference; fileEncoding = 4; lastKnownFileType = sourcecode.c.objc; path = TECPullToRefreshExtender.m; sourceTree = "<group>"; };
		6F01252A1C93021300646EB5 /* TECPullToRefreshExtenderSpec.m */ = {isa = PBXFileReference; fileEncoding = 4; lastKnownFileType = sourcecode.c.objc; path = TECPullToRefreshExtenderSpec.m; sourceTree = "<group>"; };
		6F03E4E01C96CD81005C6DF7 /* TECPullToRefreshPresentationAdapterProtocol.h */ = {isa = PBXFileReference; fileEncoding = 4; lastKnownFileType = sourcecode.c.h; path = TECPullToRefreshPresentationAdapterProtocol.h; sourceTree = "<group>"; };
		6F03E4E11C96D0AE005C6DF7 /* TECActivityIndicatorPullToRefresh.h */ = {isa = PBXFileReference; fileEncoding = 4; lastKnownFileType = sourcecode.c.h; path = TECActivityIndicatorPullToRefresh.h; sourceTree = "<group>"; };
		6F03E4E21C96D0AE005C6DF7 /* TECActivityIndicatorPullToRefresh.m */ = {isa = PBXFileReference; fileEncoding = 4; lastKnownFileType = sourcecode.c.objc; path = TECActivityIndicatorPullToRefresh.m; sourceTree = "<group>"; };
		6F03E4E81C96DB9A005C6DF7 /* TECLoaderProtocol.h */ = {isa = PBXFileReference; fileEncoding = 4; lastKnownFileType = sourcecode.c.h; path = TECLoaderProtocol.h; sourceTree = "<group>"; };
		6F03E4E91C96DDD7005C6DF7 /* TECLoadMoreProtocol.h */ = {isa = PBXFileReference; fileEncoding = 4; lastKnownFileType = sourcecode.c.h; path = TECLoadMoreProtocol.h; sourceTree = "<group>"; };
		6F03E4EA1C96DDF8005C6DF7 /* TECLoaderTypedefs.h */ = {isa = PBXFileReference; fileEncoding = 4; lastKnownFileType = sourcecode.c.h; path = TECLoaderTypedefs.h; sourceTree = "<group>"; };
		6F03E4EC1C96DE9E005C6DF7 /* TECDummyLoader.h */ = {isa = PBXFileReference; fileEncoding = 4; lastKnownFileType = sourcecode.c.h; path = TECDummyLoader.h; sourceTree = "<group>"; };
		6F03E4ED1C96DE9E005C6DF7 /* TECDummyLoader.m */ = {isa = PBXFileReference; fileEncoding = 4; lastKnownFileType = sourcecode.c.objc; path = TECDummyLoader.m; sourceTree = "<group>"; };
		6F03E4F11C97120A005C6DF7 /* TECPullToRefreshState.h */ = {isa = PBXFileReference; fileEncoding = 4; lastKnownFileType = sourcecode.c.h; path = TECPullToRefreshState.h; sourceTree = "<group>"; };
		6F03E4F21C97120A005C6DF7 /* TECPullToRefreshState.m */ = {isa = PBXFileReference; fileEncoding = 4; lastKnownFileType = sourcecode.c.objc; path = TECPullToRefreshState.m; sourceTree = "<group>"; };
		6F03E4F41C9713CF005C6DF7 /* TECPullToRefreshStateContextProtocol.h */ = {isa = PBXFileReference; fileEncoding = 4; lastKnownFileType = sourcecode.c.h; path = TECPullToRefreshStateContextProtocol.h; sourceTree = "<group>"; };
		6F03E4F61C971815005C6DF7 /* TECPullToRefreshStateSharedExampleSpec.m */ = {isa = PBXFileReference; fileEncoding = 4; lastKnownFileType = sourcecode.c.objc; path = TECPullToRefreshStateSharedExampleSpec.m; sourceTree = "<group>"; };
		6F03E4F81C97196F005C6DF7 /* TECPullToRefreshStateSpec.m */ = {isa = PBXFileReference; fileEncoding = 4; lastKnownFileType = sourcecode.c.objc; path = TECPullToRefreshStateSpec.m; sourceTree = "<group>"; };
		6F03E4FE1C972585005C6DF7 /* TECPullToRefreshStateInitial.h */ = {isa = PBXFileReference; fileEncoding = 4; lastKnownFileType = sourcecode.c.h; path = TECPullToRefreshStateInitial.h; sourceTree = "<group>"; };
		6F03E4FF1C972585005C6DF7 /* TECPullToRefreshStateInitial.m */ = {isa = PBXFileReference; fileEncoding = 4; lastKnownFileType = sourcecode.c.objc; path = TECPullToRefreshStateInitial.m; sourceTree = "<group>"; };
		6F03E5051C9725CE005C6DF7 /* TECPullToRefreshStateInitialSpec.m */ = {isa = PBXFileReference; fileEncoding = 4; lastKnownFileType = sourcecode.c.objc; path = TECPullToRefreshStateInitialSpec.m; sourceTree = "<group>"; };
		6F03E5081C972A57005C6DF7 /* TECPullToRefreshStatePulling.h */ = {isa = PBXFileReference; fileEncoding = 4; lastKnownFileType = sourcecode.c.h; path = TECPullToRefreshStatePulling.h; sourceTree = "<group>"; };
		6F03E5091C972A57005C6DF7 /* TECPullToRefreshStatePulling.m */ = {isa = PBXFileReference; fileEncoding = 4; lastKnownFileType = sourcecode.c.objc; path = TECPullToRefreshStatePulling.m; sourceTree = "<group>"; };
		6F03E50E1C972B30005C6DF7 /* TECPullToRefreshStateReady.h */ = {isa = PBXFileReference; fileEncoding = 4; lastKnownFileType = sourcecode.c.h; path = TECPullToRefreshStateReady.h; sourceTree = "<group>"; };
		6F03E50F1C972B30005C6DF7 /* TECPullToRefreshStateReady.m */ = {isa = PBXFileReference; fileEncoding = 4; lastKnownFileType = sourcecode.c.objc; path = TECPullToRefreshStateReady.m; sourceTree = "<group>"; };
		6F03E5111C972B3C005C6DF7 /* TECPullToRefreshStateLoading.h */ = {isa = PBXFileReference; fileEncoding = 4; lastKnownFileType = sourcecode.c.h; path = TECPullToRefreshStateLoading.h; sourceTree = "<group>"; };
		6F03E5121C972B3C005C6DF7 /* TECPullToRefreshStateLoading.m */ = {isa = PBXFileReference; fileEncoding = 4; lastKnownFileType = sourcecode.c.objc; path = TECPullToRefreshStateLoading.m; sourceTree = "<group>"; };
		6F03E5141C972B48005C6DF7 /* TECPullToRefreshStateClosing.h */ = {isa = PBXFileReference; fileEncoding = 4; lastKnownFileType = sourcecode.c.h; path = TECPullToRefreshStateClosing.h; sourceTree = "<group>"; };
		6F03E5151C972B48005C6DF7 /* TECPullToRefreshStateClosing.m */ = {isa = PBXFileReference; fileEncoding = 4; lastKnownFileType = sourcecode.c.objc; path = TECPullToRefreshStateClosing.m; sourceTree = "<group>"; };
		6F03E5181C972BE6005C6DF7 /* TECPullToRefreshStatePullingSpec.m */ = {isa = PBXFileReference; fileEncoding = 4; lastKnownFileType = sourcecode.c.objc; path = TECPullToRefreshStatePullingSpec.m; sourceTree = "<group>"; };
		6F03E51B1C973170005C6DF7 /* TECPullToRefreshStateReadySpec.m */ = {isa = PBXFileReference; fileEncoding = 4; lastKnownFileType = sourcecode.c.objc; path = TECPullToRefreshStateReadySpec.m; sourceTree = "<group>"; };
		6F03E51E1C9735A3005C6DF7 /* TECPullToRefreshStateLoadingSpec.m */ = {isa = PBXFileReference; fileEncoding = 4; lastKnownFileType = sourcecode.c.objc; path = TECPullToRefreshStateLoadingSpec.m; sourceTree = "<group>"; };
		6F03E5211C982132005C6DF7 /* TECPullToRefreshStateClosingSpec.m */ = {isa = PBXFileReference; fileEncoding = 4; lastKnownFileType = sourcecode.c.objc; path = TECPullToRefreshStateClosingSpec.m; sourceTree = "<group>"; };
		6F03E5251C987640005C6DF7 /* TECScrollViewHelper.h */ = {isa = PBXFileReference; fileEncoding = 4; lastKnownFileType = sourcecode.c.h; path = TECScrollViewHelper.h; sourceTree = "<group>"; };
		6F03E5261C987640005C6DF7 /* TECScrollViewHelper.m */ = {isa = PBXFileReference; fileEncoding = 4; lastKnownFileType = sourcecode.c.objc; path = TECScrollViewHelper.m; sourceTree = "<group>"; };
		6F0CD6091C51109400D09C01 /* DataSources.app */ = {isa = PBXFileReference; explicitFileType = wrapper.application; includeInIndex = 0; path = DataSources.app; sourceTree = BUILT_PRODUCTS_DIR; };
		6F0CD60D1C51109400D09C01 /* main.m */ = {isa = PBXFileReference; lastKnownFileType = sourcecode.c.objc; path = main.m; sourceTree = "<group>"; };
		6F0CD60F1C51109400D09C01 /* AppDelegate.h */ = {isa = PBXFileReference; lastKnownFileType = sourcecode.c.h; path = AppDelegate.h; sourceTree = "<group>"; };
		6F0CD6101C51109400D09C01 /* AppDelegate.m */ = {isa = PBXFileReference; lastKnownFileType = sourcecode.c.objc; path = AppDelegate.m; sourceTree = "<group>"; };
		6F0CD6121C51109400D09C01 /* MemoryContentProviderViewController.h */ = {isa = PBXFileReference; lastKnownFileType = sourcecode.c.h; path = MemoryContentProviderViewController.h; sourceTree = "<group>"; };
		6F0CD6131C51109400D09C01 /* MemoryContentProviderViewController.m */ = {isa = PBXFileReference; lastKnownFileType = sourcecode.c.objc; path = MemoryContentProviderViewController.m; sourceTree = "<group>"; };
		6F0CD6161C51109400D09C01 /* Base */ = {isa = PBXFileReference; lastKnownFileType = file.storyboard; name = Base; path = Base.lproj/Main.storyboard; sourceTree = "<group>"; };
		6F0CD6181C51109400D09C01 /* Assets.xcassets */ = {isa = PBXFileReference; lastKnownFileType = folder.assetcatalog; path = Assets.xcassets; sourceTree = "<group>"; };
		6F0CD61B1C51109400D09C01 /* Base */ = {isa = PBXFileReference; lastKnownFileType = file.storyboard; name = Base; path = Base.lproj/LaunchScreen.storyboard; sourceTree = "<group>"; };
		6F0CD61D1C51109400D09C01 /* Info.plist */ = {isa = PBXFileReference; lastKnownFileType = text.plist.xml; path = Info.plist; sourceTree = "<group>"; };
		6F0CD6221C51109400D09C01 /* DataSourcesTests.xctest */ = {isa = PBXFileReference; explicitFileType = wrapper.cfbundle; includeInIndex = 0; path = DataSourcesTests.xctest; sourceTree = BUILT_PRODUCTS_DIR; };
		6F0CD6281C51109500D09C01 /* Info.plist */ = {isa = PBXFileReference; lastKnownFileType = text.plist.xml; path = Info.plist; sourceTree = "<group>"; };
		6F4855521C7375BF0006F6E5 /* TECTableViewPresentationAdapterSpec.m */ = {isa = PBXFileReference; fileEncoding = 4; lastKnownFileType = sourcecode.c.objc; path = TECTableViewPresentationAdapterSpec.m; sourceTree = "<group>"; };
		6F4855541C739C720006F6E5 /* TECTableViewExtenderSpec.m */ = {isa = PBXFileReference; fileEncoding = 4; lastKnownFileType = sourcecode.c.objc; path = TECTableViewExtenderSpec.m; sourceTree = "<group>"; };
		6F4855561C739E030006F6E5 /* TECTableViewSectionHeaderExtenderSpec.m */ = {isa = PBXFileReference; fileEncoding = 4; lastKnownFileType = sourcecode.c.objc; path = TECTableViewSectionHeaderExtenderSpec.m; sourceTree = "<group>"; };
		6F48555A1C739F870006F6E5 /* TECTableViewSectionFooterExtenderSpec.m */ = {isa = PBXFileReference; fileEncoding = 4; lastKnownFileType = sourcecode.c.objc; path = TECTableViewSectionFooterExtenderSpec.m; sourceTree = "<group>"; };
		6F48555C1C73AF2C0006F6E5 /* TECTableViewCellExtenderSpec.m */ = {isa = PBXFileReference; fileEncoding = 4; lastKnownFileType = sourcecode.c.objc; path = TECTableViewCellExtenderSpec.m; sourceTree = "<group>"; };
		6F48555E1C73B7120006F6E5 /* TECDelegateProxySpec.m */ = {isa = PBXFileReference; fileEncoding = 4; lastKnownFileType = sourcecode.c.objc; path = TECDelegateProxySpec.m; sourceTree = "<group>"; };
		6F4855601C73B89F0006F6E5 /* TECDelegateProxyTestModels.h */ = {isa = PBXFileReference; fileEncoding = 4; lastKnownFileType = sourcecode.c.h; path = TECDelegateProxyTestModels.h; sourceTree = "<group>"; };
		6F4855611C73B89F0006F6E5 /* TECDelegateProxyTestModels.m */ = {isa = PBXFileReference; fileEncoding = 4; lastKnownFileType = sourcecode.c.objc; path = TECDelegateProxyTestModels.m; sourceTree = "<group>"; };
		6F550A2E1C7B5B1600846E46 /* TECCollectionViewSupplementaryRegistrationAdapterSpec.m */ = {isa = PBXFileReference; fileEncoding = 4; lastKnownFileType = sourcecode.c.objc; path = TECCollectionViewSupplementaryRegistrationAdapterSpec.m; sourceTree = "<group>"; };
		6F550A301C7B636B00846E46 /* TECSimpleReusableViewFactory.h */ = {isa = PBXFileReference; fileEncoding = 4; lastKnownFileType = sourcecode.c.h; path = TECSimpleReusableViewFactory.h; sourceTree = "<group>"; };
		6F550A311C7B636B00846E46 /* TECSimpleReusableViewFactory.m */ = {isa = PBXFileReference; fileEncoding = 4; lastKnownFileType = sourcecode.c.objc; path = TECSimpleReusableViewFactory.m; sourceTree = "<group>"; };
		6F550A341C7B639200846E46 /* TECCollectionViewSimpleFactorySpec.m */ = {isa = PBXFileReference; fileEncoding = 4; lastKnownFileType = sourcecode.c.objc; path = TECCollectionViewSimpleFactorySpec.m; sourceTree = "<group>"; };
		6F550A361C7B7F7600846E46 /* TECCollectionViewSupplementaryExtenderSpec.m */ = {isa = PBXFileReference; fileEncoding = 4; lastKnownFileType = sourcecode.c.objc; name = TECCollectionViewSupplementaryExtenderSpec.m; path = ../DataSources/TECCollectionViewSupplementaryExtenderSpec.m; sourceTree = "<group>"; };
		6F550A3E1C7CBEFA00846E46 /* TECBlockOperation.h */ = {isa = PBXFileReference; fileEncoding = 4; lastKnownFileType = sourcecode.c.h; path = TECBlockOperation.h; sourceTree = "<group>"; };
		6F550A3F1C7CBEFA00846E46 /* TECBlockOperation.m */ = {isa = PBXFileReference; fileEncoding = 4; lastKnownFileType = sourcecode.c.objc; path = TECBlockOperation.m; sourceTree = "<group>"; };
		6F550A421C7CBF1300846E46 /* TECBlockOperationSpec.m */ = {isa = PBXFileReference; fileEncoding = 4; lastKnownFileType = sourcecode.c.objc; path = TECBlockOperationSpec.m; sourceTree = "<group>"; };
		6F550A451C7DBC9600846E46 /* TECCollectionViewPresentationAdapter.h */ = {isa = PBXFileReference; fileEncoding = 4; lastKnownFileType = sourcecode.c.h; path = TECCollectionViewPresentationAdapter.h; sourceTree = "<group>"; };
		6F550A461C7DBC9600846E46 /* TECCollectionViewPresentationAdapter.m */ = {isa = PBXFileReference; fileEncoding = 4; lastKnownFileType = sourcecode.c.objc; path = TECCollectionViewPresentationAdapter.m; sourceTree = "<group>"; };
		6F550A471C7DBC9600846E46 /* TECCollectionViewCellExtender.h */ = {isa = PBXFileReference; fileEncoding = 4; lastKnownFileType = sourcecode.c.h; path = TECCollectionViewCellExtender.h; sourceTree = "<group>"; };
		6F550A481C7DBC9600846E46 /* TECCollectionViewCellExtender.m */ = {isa = PBXFileReference; fileEncoding = 4; lastKnownFileType = sourcecode.c.objc; path = TECCollectionViewCellExtender.m; sourceTree = "<group>"; };
		6F550A491C7DBC9600846E46 /* TECCollectionViewCellRegistratorAdapter.h */ = {isa = PBXFileReference; fileEncoding = 4; lastKnownFileType = sourcecode.c.h; path = TECCollectionViewCellRegistratorAdapter.h; sourceTree = "<group>"; };
		6F550A4A1C7DBC9600846E46 /* TECCollectionViewCellRegistratorAdapter.m */ = {isa = PBXFileReference; fileEncoding = 4; lastKnownFileType = sourcecode.c.objc; path = TECCollectionViewCellRegistratorAdapter.m; sourceTree = "<group>"; };
		6F550A4B1C7DBC9600846E46 /* TECCollectionViewExtender.h */ = {isa = PBXFileReference; fileEncoding = 4; lastKnownFileType = sourcecode.c.h; path = TECCollectionViewExtender.h; sourceTree = "<group>"; };
		6F550A4C1C7DBC9600846E46 /* TECCollectionViewExtender.m */ = {isa = PBXFileReference; fileEncoding = 4; lastKnownFileType = sourcecode.c.objc; path = TECCollectionViewExtender.m; sourceTree = "<group>"; };
		6F550A4D1C7DBC9600846E46 /* TECCollectionViewSupplementaryExtender.h */ = {isa = PBXFileReference; fileEncoding = 4; lastKnownFileType = sourcecode.c.h; path = TECCollectionViewSupplementaryExtender.h; sourceTree = "<group>"; };
		6F550A4E1C7DBC9600846E46 /* TECCollectionViewSupplementaryExtender.m */ = {isa = PBXFileReference; fileEncoding = 4; lastKnownFileType = sourcecode.c.objc; path = TECCollectionViewSupplementaryExtender.m; sourceTree = "<group>"; };
		6F550A4F1C7DBC9600846E46 /* TECCollectionViewSupplementaryRegistrationAdapter.h */ = {isa = PBXFileReference; fileEncoding = 4; lastKnownFileType = sourcecode.c.h; path = TECCollectionViewSupplementaryRegistrationAdapter.h; sourceTree = "<group>"; };
		6F550A501C7DBC9600846E46 /* TECCollectionViewSupplementaryRegistrationAdapter.m */ = {isa = PBXFileReference; fileEncoding = 4; lastKnownFileType = sourcecode.c.objc; path = TECCollectionViewSupplementaryRegistrationAdapter.m; sourceTree = "<group>"; };
		6F550A5D1C7DC29900846E46 /* TECTableViewCellRegistrationAdapter.h */ = {isa = PBXFileReference; fileEncoding = 4; lastKnownFileType = sourcecode.c.h; path = TECTableViewCellRegistrationAdapter.h; sourceTree = "<group>"; };
		6F550A5E1C7DC29900846E46 /* TECTableViewCellRegistrationAdapter.m */ = {isa = PBXFileReference; fileEncoding = 4; lastKnownFileType = sourcecode.c.objc; path = TECTableViewCellRegistrationAdapter.m; sourceTree = "<group>"; };
		6F550A621C7DC2D300846E46 /* TECTableViewCellRegistrationAdapterSpec.m */ = {isa = PBXFileReference; fileEncoding = 4; lastKnownFileType = sourcecode.c.objc; path = TECTableViewCellRegistrationAdapterSpec.m; sourceTree = "<group>"; };
		6F550A641C7DDF0200846E46 /* TECTableViewHeaderFooterViewRegistrationAdapter.h */ = {isa = PBXFileReference; fileEncoding = 4; lastKnownFileType = sourcecode.c.h; path = TECTableViewHeaderFooterViewRegistrationAdapter.h; sourceTree = "<group>"; };
		6F550A651C7DDF0200846E46 /* TECTableViewHeaderFooterViewRegistrationAdapter.m */ = {isa = PBXFileReference; fileEncoding = 4; lastKnownFileType = sourcecode.c.objc; path = TECTableViewHeaderFooterViewRegistrationAdapter.m; sourceTree = "<group>"; };
		6F550A671C7DDF8F00846E46 /* TECTableViewHeaderFooterViewRegistrationAdapterSpec.m */ = {isa = PBXFileReference; fileEncoding = 4; lastKnownFileType = sourcecode.c.objc; path = TECTableViewHeaderFooterViewRegistrationAdapterSpec.m; sourceTree = "<group>"; };
		6F59A9501C57B8EB0095289C /* TECTableViewPresentationAdapter.h */ = {isa = PBXFileReference; fileEncoding = 4; lastKnownFileType = sourcecode.c.h; path = TECTableViewPresentationAdapter.h; sourceTree = "<group>"; };
		6F59A9511C57B8EB0095289C /* TECTableViewPresentationAdapter.m */ = {isa = PBXFileReference; fileEncoding = 4; lastKnownFileType = sourcecode.c.objc; path = TECTableViewPresentationAdapter.m; sourceTree = "<group>"; };
		6F59A9621C57C7D90095289C /* TECContentProviderProtocol.h */ = {isa = PBXFileReference; fileEncoding = 4; lastKnownFileType = sourcecode.c.h; path = TECContentProviderProtocol.h; sourceTree = "<group>"; };
		6F59A9631C57C86A0095289C /* TECSectionModelProtocol.h */ = {isa = PBXFileReference; fileEncoding = 4; lastKnownFileType = sourcecode.c.h; path = TECSectionModelProtocol.h; sourceTree = "<group>"; };
		6F59A9641C57DCAF0095289C /* TECDelegateProxy.h */ = {isa = PBXFileReference; fileEncoding = 4; lastKnownFileType = sourcecode.c.h; path = TECDelegateProxy.h; sourceTree = "<group>"; };
		6F59A9651C57DCAF0095289C /* TECDelegateProxy.m */ = {isa = PBXFileReference; fileEncoding = 4; lastKnownFileType = sourcecode.c.objc; path = TECDelegateProxy.m; sourceTree = "<group>"; };
		6F59A9681C58CA650095289C /* TECMemoryContentProvider.h */ = {isa = PBXFileReference; fileEncoding = 4; lastKnownFileType = sourcecode.c.h; path = TECMemoryContentProvider.h; sourceTree = "<group>"; };
		6F59A9691C58CA650095289C /* TECMemoryContentProvider.m */ = {isa = PBXFileReference; fileEncoding = 4; lastKnownFileType = sourcecode.c.objc; path = TECMemoryContentProvider.m; sourceTree = "<group>"; };
		6F59A96B1C58CA990095289C /* TECMemorySectionModel.h */ = {isa = PBXFileReference; fileEncoding = 4; lastKnownFileType = sourcecode.c.h; path = TECMemorySectionModel.h; sourceTree = "<group>"; };
		6F59A96C1C58CA990095289C /* TECMemorySectionModel.m */ = {isa = PBXFileReference; fileEncoding = 4; lastKnownFileType = sourcecode.c.objc; path = TECMemorySectionModel.m; sourceTree = "<group>"; };
		6F59A96E1C58CDC40095289C /* TECCustomCell.h */ = {isa = PBXFileReference; fileEncoding = 4; lastKnownFileType = sourcecode.c.h; path = TECCustomCell.h; sourceTree = "<group>"; };
		6F59A96F1C58CDC40095289C /* TECCustomCell.m */ = {isa = PBXFileReference; fileEncoding = 4; lastKnownFileType = sourcecode.c.objc; path = TECCustomCell.m; sourceTree = "<group>"; };
		6F59A97F1C58EC610095289C /* TECTableViewSectionHeaderExtender.h */ = {isa = PBXFileReference; fileEncoding = 4; lastKnownFileType = sourcecode.c.h; path = TECTableViewSectionHeaderExtender.h; sourceTree = "<group>"; };
		6F59A9801C58EC610095289C /* TECTableViewSectionHeaderExtender.m */ = {isa = PBXFileReference; fileEncoding = 4; lastKnownFileType = sourcecode.c.objc; path = TECTableViewSectionHeaderExtender.m; sourceTree = "<group>"; };
		6F59A9821C58ECF70095289C /* TECTableViewSectionFooterExtender.h */ = {isa = PBXFileReference; fileEncoding = 4; lastKnownFileType = sourcecode.c.h; path = TECTableViewSectionFooterExtender.h; sourceTree = "<group>"; };
		6F59A9831C58ECF70095289C /* TECTableViewSectionFooterExtender.m */ = {isa = PBXFileReference; fileEncoding = 4; lastKnownFileType = sourcecode.c.objc; path = TECTableViewSectionFooterExtender.m; sourceTree = "<group>"; };
		6F59A9881C5911570095289C /* TECTableViewExtender.h */ = {isa = PBXFileReference; fileEncoding = 4; lastKnownFileType = sourcecode.c.h; path = TECTableViewExtender.h; sourceTree = "<group>"; };
		6F59A9891C5911570095289C /* TECTableViewExtender.m */ = {isa = PBXFileReference; fileEncoding = 4; lastKnownFileType = sourcecode.c.objc; path = TECTableViewExtender.m; sourceTree = "<group>"; };
		6FB0892F1C5A75DF008AF389 /* TECContentProviderDelegate.h */ = {isa = PBXFileReference; fileEncoding = 4; lastKnownFileType = sourcecode.c.h; path = TECContentProviderDelegate.h; sourceTree = "<group>"; };
		6FD26B1C1C7614C1006A0E2F /* TECCollectionViewPresentationAdapterSpec.m */ = {isa = PBXFileReference; fileEncoding = 4; lastKnownFileType = sourcecode.c.objc; path = TECCollectionViewPresentationAdapterSpec.m; sourceTree = "<group>"; };
		6FD285C51C591D0400A11316 /* TECTableViewCellExtender.h */ = {isa = PBXFileReference; fileEncoding = 4; lastKnownFileType = sourcecode.c.h; path = TECTableViewCellExtender.h; sourceTree = "<group>"; };
		6FD285C61C591D0400A11316 /* TECTableViewCellExtender.m */ = {isa = PBXFileReference; fileEncoding = 4; lastKnownFileType = sourcecode.c.objc; path = TECTableViewCellExtender.m; sourceTree = "<group>"; };
		6FEC95B41C76455900B1094E /* TECCollectionViewExtenderSpec.m */ = {isa = PBXFileReference; fileEncoding = 4; lastKnownFileType = sourcecode.c.objc; path = TECCollectionViewExtenderSpec.m; sourceTree = "<group>"; };
		6FEC95B61C7646DB00B1094E /* TECCollectionViewExtenderHelpers.m */ = {isa = PBXFileReference; lastKnownFileType = sourcecode.c.objc; path = TECCollectionViewExtenderHelpers.m; sourceTree = "<group>"; };
		6FEC95BB1C771A1B00B1094E /* TECReusableViewRegistrationAdapterProtocol.h */ = {isa = PBXFileReference; fileEncoding = 4; lastKnownFileType = sourcecode.c.h; path = TECReusableViewRegistrationAdapterProtocol.h; sourceTree = "<group>"; };
		6FEC95C11C771B6400B1094E /* TECCollectionViewCellRegistratorAdapterSpec.m */ = {isa = PBXFileReference; fileEncoding = 4; lastKnownFileType = sourcecode.c.objc; path = TECCollectionViewCellRegistratorAdapterSpec.m; sourceTree = "<group>"; };
		6FEC95C41C773F4F00B1094E /* TECDummyModels.h */ = {isa = PBXFileReference; fileEncoding = 4; lastKnownFileType = sourcecode.c.h; path = TECDummyModels.h; sourceTree = "<group>"; };
		6FEC95C51C773F4F00B1094E /* TECDummyModels.m */ = {isa = PBXFileReference; fileEncoding = 4; lastKnownFileType = sourcecode.c.objc; path = TECDummyModels.m; sourceTree = "<group>"; };
		6FEC95D71C7B1F6200B1094E /* TECReusableViewsFactory.h */ = {isa = PBXFileReference; fileEncoding = 4; lastKnownFileType = sourcecode.c.h; path = TECReusableViewsFactory.h; sourceTree = "<group>"; };
		6FEC95D81C7B1F6200B1094E /* TECReusableViewsFactory.m */ = {isa = PBXFileReference; fileEncoding = 4; lastKnownFileType = sourcecode.c.objc; path = TECReusableViewsFactory.m; sourceTree = "<group>"; };
		6FEC95DA1C7B1F7000B1094E /* TECReusableViewsFactorySpec.m */ = {isa = PBXFileReference; fileEncoding = 4; lastKnownFileType = sourcecode.c.objc; path = TECReusableViewsFactorySpec.m; sourceTree = "<group>"; };
		6FEC95DC1C7B1F8D00B1094E /* TECReusableViewsFactoryHelperSpec.m */ = {isa = PBXFileReference; fileEncoding = 4; lastKnownFileType = sourcecode.c.objc; path = TECReusableViewsFactoryHelperSpec.m; sourceTree = "<group>"; };
		6FEC95DE1C7B207A00B1094E /* TECReusableViewFactoryProtocol.h */ = {isa = PBXFileReference; fileEncoding = 4; lastKnownFileType = sourcecode.c.h; path = TECReusableViewFactoryProtocol.h; sourceTree = "<group>"; };
		6FEC95E41C7B2ECB00B1094E /* TECCollectionViewCellExtenderSpec.m */ = {isa = PBXFileReference; fileEncoding = 4; lastKnownFileType = sourcecode.c.objc; path = TECCollectionViewCellExtenderSpec.m; sourceTree = "<group>"; };
		E6648EB9D0A7F2502D02AA01 /* libPods-DataSourcesTests.a */ = {isa = PBXFileReference; explicitFileType = archive.ar; includeInIndex = 0; path = "libPods-DataSourcesTests.a"; sourceTree = BUILT_PRODUCTS_DIR; };
/* End PBXFileReference section */

/* Begin PBXFrameworksBuildPhase section */
		6F0CD6061C51109400D09C01 /* Frameworks */ = {
			isa = PBXFrameworksBuildPhase;
			buildActionMask = 2147483647;
			files = (
			);
			runOnlyForDeploymentPostprocessing = 0;
		};
		6F0CD61F1C51109400D09C01 /* Frameworks */ = {
			isa = PBXFrameworksBuildPhase;
			buildActionMask = 2147483647;
			files = (
				3E1457A237F0ED5DAA116D60 /* libPods-DataSourcesTests.a in Frameworks */,
			);
			runOnlyForDeploymentPostprocessing = 0;
		};
/* End PBXFrameworksBuildPhase section */

/* Begin PBXGroup section */
		0015F9BE1C7F559100179FD9 /* SampleApp */ = {
			isa = PBXGroup;
			children = (
				6F03E4EB1C96DE77005C6DF7 /* DummyLoader */,
				6F0CD60F1C51109400D09C01 /* AppDelegate.h */,
				6F0CD6101C51109400D09C01 /* AppDelegate.m */,
				00AA471C1C77042A00B2AD56 /* CoreDataManager.h */,
				00AA471D1C77042A00B2AD56 /* CoreDataManager.m */,
				00AA47161C75E53900B2AD56 /* RootViewController.h */,
				00AA47171C75E53900B2AD56 /* RootViewController.m */,
				00AA47561C7B359600B2AD56 /* BaseTableContentProviderViewController.h */,
				00AA47571C7B359600B2AD56 /* BaseTableContentProviderViewController.m */,
				6F0CD6121C51109400D09C01 /* MemoryContentProviderViewController.h */,
				6F0CD6131C51109400D09C01 /* MemoryContentProviderViewController.m */,
				00A4CA3B1C75DCFE00515A94 /* FetchedResultControllerContentProviderViewController.h */,
				00A4CA3C1C75DCFE00515A94 /* FetchedResultControllerContentProviderViewController.m */,
				00AA47191C77039500B2AD56 /* FetchedResultsContentProviderReorderingViewController.h */,
				00AA471A1C77039500B2AD56 /* FetchedResultsContentProviderReorderingViewController.m */,
				00AA47531C7B26D000B2AD56 /* FetchedResultsContentProviderWorkaroundsViewController.h */,
				00AA47541C7B26D000B2AD56 /* FetchedResultsContentProviderWorkaroundsViewController.m */,
				0015F9C61C8088CB00179FD9 /* FetchedResultsContentProviderSearchViewController.h */,
				0015F9C71C8088CB00179FD9 /* FetchedResultsContentProviderSearchViewController.m */,
				0015F9C91C80A1E000179FD9 /* FetchedResultsContentProviderTwoEntitiesViewController.h */,
				0015F9CA1C80A1E000179FD9 /* FetchedResultsContentProviderTwoEntitiesViewController.m */,
				00AA471F1C770E2100B2AD56 /* DataSources.xcdatamodeld */,
				00AA47221C770EC400B2AD56 /* Person+CoreDataProperties.h */,
				00AA47231C770EC400B2AD56 /* Person+CoreDataProperties.m */,
				00AA47241C770EC400B2AD56 /* Person.h */,
				00AA47251C770EC400B2AD56 /* Person.m */,
				00AA47261C770EC400B2AD56 /* PersonOrdered+CoreDataProperties.h */,
				00AA47271C770EC400B2AD56 /* PersonOrdered+CoreDataProperties.m */,
				00AA47281C770EC400B2AD56 /* PersonOrdered.h */,
				00AA47291C770EC400B2AD56 /* PersonOrdered.m */,
				6F0CD6151C51109400D09C01 /* Main.storyboard */,
				6F0CD6181C51109400D09C01 /* Assets.xcassets */,
				6F0CD61A1C51109400D09C01 /* LaunchScreen.storyboard */,
				6F0CD61D1C51109400D09C01 /* Info.plist */,
				6F0CD60C1C51109400D09C01 /* Supporting Files */,
				6F59A96E1C58CDC40095289C /* TECCustomCell.h */,
				6F59A96F1C58CDC40095289C /* TECCustomCell.m */,
				6F03E4E11C96D0AE005C6DF7 /* TECActivityIndicatorPullToRefresh.h */,
				6F03E4E21C96D0AE005C6DF7 /* TECActivityIndicatorPullToRefresh.m */,
			);
			name = SampleApp;
			sourceTree = "<group>";
		};
		0015F9BF1C7F55AD00179FD9 /* ContentProviders */ = {
			isa = PBXGroup;
			children = (
				00A85D431C60D8FE00125C2C /* TECMemorySectionModelSpec.m */,
				00A85D451C60FCDA00125C2C /* TECMemoryContentProviderSpec.m */,
				009B584B1C74D05B00CAC105 /* TECFetchedResultsControllerContentProviderSpec.m */,
			);
			name = ContentProviders;
			sourceTree = "<group>";
		};
		27C0CDB6768F17A16CBB3368 /* Frameworks */ = {
			isa = PBXGroup;
			children = (
				E6648EB9D0A7F2502D02AA01 /* libPods-DataSourcesTests.a */,
			);
			name = Frameworks;
			sourceTree = "<group>";
		};
		4A67D102CFC23DAFD8DB3332 /* Pods */ = {
			isa = PBXGroup;
			children = (
				1EF957566F87E00C2CAB1977 /* Pods-DataSourcesTests.debug.xcconfig */,
				2BA9BBEB5BFFAD972BFA7ACE /* Pods-DataSourcesTests.release.xcconfig */,
			);
			name = Pods;
			sourceTree = "<group>";
		};
		6F0124E31C8DD3E500646EB5 /* Extenders */ = {
			isa = PBXGroup;
			children = (
				6F0125251C9301B700646EB5 /* PullToRefreshExtender */,
				6F0124E41C8DD3F500646EB5 /* TECExtender.h */,
				6F0124E51C8DD3F500646EB5 /* TECExtender.m */,
			);
			name = Extenders;
			sourceTree = "<group>";
		};
		6F0124E71C8DD3FF00646EB5 /* Extenders */ = {
			isa = PBXGroup;
			children = (
				6F0125291C93020100646EB5 /* PullToRefreshExtender */,
				6F0124E81C8DD40D00646EB5 /* TECExtenderSpec.m */,
				6F0124EA1C8DD44C00646EB5 /* TECExtenderHelpersSpec.m */,
			);
			name = Extenders;
			sourceTree = "<group>";
		};
		6F0124EC1C8DDCD400646EB5 /* Extenders */ = {
			isa = PBXGroup;
			children = (
				6F4855541C739C720006F6E5 /* TECTableViewExtenderSpec.m */,
				6F0124ED1C8DDCEC00646EB5 /* TECTableViewExtenderHelpers.m */,
			);
			name = Extenders;
			sourceTree = "<group>";
		};
		6F0125251C9301B700646EB5 /* PullToRefreshExtender */ = {
			isa = PBXGroup;
			children = (
				6F03E5241C98762C005C6DF7 /* ScrollViewHelper */,
				6F03E4EF1C9711E1005C6DF7 /* StateMachine */,
				6F0125261C9301D000646EB5 /* TECPullToRefreshExtender.h */,
				6F0125271C9301D000646EB5 /* TECPullToRefreshExtender.m */,
				6F03E4E01C96CD81005C6DF7 /* TECPullToRefreshPresentationAdapterProtocol.h */,
			);
			name = PullToRefreshExtender;
			sourceTree = "<group>";
		};
		6F0125291C93020100646EB5 /* PullToRefreshExtender */ = {
			isa = PBXGroup;
			children = (
				6F03E4F51C9717CB005C6DF7 /* StateMachine */,
				6F01252A1C93021300646EB5 /* TECPullToRefreshExtenderSpec.m */,
			);
			name = PullToRefreshExtender;
			sourceTree = "<group>";
		};
		6F03E4E71C96DB8B005C6DF7 /* Loader */ = {
			isa = PBXGroup;
			children = (
				6F03E4E81C96DB9A005C6DF7 /* TECLoaderProtocol.h */,
				6F03E4E91C96DDD7005C6DF7 /* TECLoadMoreProtocol.h */,
				6F03E4EA1C96DDF8005C6DF7 /* TECLoaderTypedefs.h */,
			);
			name = Loader;
			sourceTree = "<group>";
		};
		6F03E4EB1C96DE77005C6DF7 /* DummyLoader */ = {
			isa = PBXGroup;
			children = (
				6F03E4EC1C96DE9E005C6DF7 /* TECDummyLoader.h */,
				6F03E4ED1C96DE9E005C6DF7 /* TECDummyLoader.m */,
			);
			name = DummyLoader;
			sourceTree = "<group>";
		};
		6F03E4EF1C9711E1005C6DF7 /* StateMachine */ = {
			isa = PBXGroup;
			children = (
				6F03E4FC1C9719D2005C6DF7 /* Context */,
				6F03E4FB1C9719CD005C6DF7 /* States */,
			);
			name = StateMachine;
			sourceTree = "<group>";
		};
		6F03E4F51C9717CB005C6DF7 /* StateMachine */ = {
			isa = PBXGroup;
			children = (
				6F03E5011C972590005C6DF7 /* States */,
			);
			name = StateMachine;
			sourceTree = "<group>";
		};
		6F03E4FA1C9719BE005C6DF7 /* Base */ = {
			isa = PBXGroup;
			children = (
				6F03E4F11C97120A005C6DF7 /* TECPullToRefreshState.h */,
				6F03E4F21C97120A005C6DF7 /* TECPullToRefreshState.m */,
			);
			name = Base;
			sourceTree = "<group>";
		};
		6F03E4FB1C9719CD005C6DF7 /* States */ = {
			isa = PBXGroup;
			children = (
				6F03E50D1C972B1C005C6DF7 /* Closing */,
				6F03E50C1C972B18005C6DF7 /* Loading */,
				6F03E50B1C972B0B005C6DF7 /* Ready */,
				6F03E5071C972A47005C6DF7 /* Pulling */,
				6F03E4FD1C972566005C6DF7 /* Inititial */,
				6F03E4FA1C9719BE005C6DF7 /* Base */,
			);
			name = States;
			sourceTree = "<group>";
		};
		6F03E4FC1C9719D2005C6DF7 /* Context */ = {
			isa = PBXGroup;
			children = (
				6F03E4F41C9713CF005C6DF7 /* TECPullToRefreshStateContextProtocol.h */,
			);
			name = Context;
			sourceTree = "<group>";
		};
		6F03E4FD1C972566005C6DF7 /* Inititial */ = {
			isa = PBXGroup;
			children = (
				6F03E4FE1C972585005C6DF7 /* TECPullToRefreshStateInitial.h */,
				6F03E4FF1C972585005C6DF7 /* TECPullToRefreshStateInitial.m */,
			);
			name = Inititial;
			sourceTree = "<group>";
		};
		6F03E5011C972590005C6DF7 /* States */ = {
			isa = PBXGroup;
			children = (
				6F03E5201C982115005C6DF7 /* Closing */,
				6F03E51D1C973599005C6DF7 /* Loading */,
				6F03E51A1C973163005C6DF7 /* Ready */,
				6F03E5171C972BD6005C6DF7 /* Pulling */,
				6F03E5041C9725B7005C6DF7 /* Initial */,
				6F03E5031C97259C005C6DF7 /* Shared */,
				6F03E5021C972596005C6DF7 /* Base */,
			);
			name = States;
			sourceTree = "<group>";
		};
		6F03E5021C972596005C6DF7 /* Base */ = {
			isa = PBXGroup;
			children = (
				6F03E4F81C97196F005C6DF7 /* TECPullToRefreshStateSpec.m */,
			);
			name = Base;
			sourceTree = "<group>";
		};
		6F03E5031C97259C005C6DF7 /* Shared */ = {
			isa = PBXGroup;
			children = (
				6F03E4F61C971815005C6DF7 /* TECPullToRefreshStateSharedExampleSpec.m */,
			);
			name = Shared;
			sourceTree = "<group>";
		};
		6F03E5041C9725B7005C6DF7 /* Initial */ = {
			isa = PBXGroup;
			children = (
				6F03E5051C9725CE005C6DF7 /* TECPullToRefreshStateInitialSpec.m */,
			);
			name = Initial;
			sourceTree = "<group>";
		};
		6F03E5071C972A47005C6DF7 /* Pulling */ = {
			isa = PBXGroup;
			children = (
				6F03E5081C972A57005C6DF7 /* TECPullToRefreshStatePulling.h */,
				6F03E5091C972A57005C6DF7 /* TECPullToRefreshStatePulling.m */,
			);
			name = Pulling;
			sourceTree = "<group>";
		};
		6F03E50B1C972B0B005C6DF7 /* Ready */ = {
			isa = PBXGroup;
			children = (
				6F03E50E1C972B30005C6DF7 /* TECPullToRefreshStateReady.h */,
				6F03E50F1C972B30005C6DF7 /* TECPullToRefreshStateReady.m */,
			);
			name = Ready;
			sourceTree = "<group>";
		};
		6F03E50C1C972B18005C6DF7 /* Loading */ = {
			isa = PBXGroup;
			children = (
				6F03E5111C972B3C005C6DF7 /* TECPullToRefreshStateLoading.h */,
				6F03E5121C972B3C005C6DF7 /* TECPullToRefreshStateLoading.m */,
			);
			name = Loading;
			sourceTree = "<group>";
		};
		6F03E50D1C972B1C005C6DF7 /* Closing */ = {
			isa = PBXGroup;
			children = (
				6F03E5141C972B48005C6DF7 /* TECPullToRefreshStateClosing.h */,
				6F03E5151C972B48005C6DF7 /* TECPullToRefreshStateClosing.m */,
			);
			name = Closing;
			sourceTree = "<group>";
		};
		6F03E5171C972BD6005C6DF7 /* Pulling */ = {
			isa = PBXGroup;
			children = (
				6F03E5181C972BE6005C6DF7 /* TECPullToRefreshStatePullingSpec.m */,
			);
			name = Pulling;
			sourceTree = "<group>";
		};
		6F03E51A1C973163005C6DF7 /* Ready */ = {
			isa = PBXGroup;
			children = (
				6F03E51B1C973170005C6DF7 /* TECPullToRefreshStateReadySpec.m */,
			);
			name = Ready;
			sourceTree = "<group>";
		};
		6F03E51D1C973599005C6DF7 /* Loading */ = {
			isa = PBXGroup;
			children = (
				6F03E51E1C9735A3005C6DF7 /* TECPullToRefreshStateLoadingSpec.m */,
			);
			name = Loading;
			sourceTree = "<group>";
		};
		6F03E5201C982115005C6DF7 /* Closing */ = {
			isa = PBXGroup;
			children = (
				6F03E5211C982132005C6DF7 /* TECPullToRefreshStateClosingSpec.m */,
			);
			name = Closing;
			sourceTree = "<group>";
		};
		6F03E5241C98762C005C6DF7 /* ScrollViewHelper */ = {
			isa = PBXGroup;
			children = (
				6F03E5251C987640005C6DF7 /* TECScrollViewHelper.h */,
				6F03E5261C987640005C6DF7 /* TECScrollViewHelper.m */,
			);
			name = ScrollViewHelper;
			sourceTree = "<group>";
		};
		6F0CD6001C51109400D09C01 = {
			isa = PBXGroup;
			children = (
				6F0CD60B1C51109400D09C01 /* DataSources */,
				6F0CD6251C51109500D09C01 /* DataSourcesTests */,
				6F0CD60A1C51109400D09C01 /* Products */,
				4A67D102CFC23DAFD8DB3332 /* Pods */,
				27C0CDB6768F17A16CBB3368 /* Frameworks */,
			);
			sourceTree = "<group>";
		};
		6F0CD60A1C51109400D09C01 /* Products */ = {
			isa = PBXGroup;
			children = (
				6F0CD6091C51109400D09C01 /* DataSources.app */,
				6F0CD6221C51109400D09C01 /* DataSourcesTests.xctest */,
			);
			name = Products;
			sourceTree = "<group>";
		};
		6F0CD60B1C51109400D09C01 /* DataSources */ = {
			isa = PBXGroup;
			children = (
				6F550A441C7DBC8900846E46 /* CollectionView */,
				6F59A9771C58E97F0095289C /* TableView */,
				6F59A9761C58E9790095289C /* Shared */,
				0015F9BE1C7F559100179FD9 /* SampleApp */,
			);
			path = DataSources;
			sourceTree = "<group>";
		};
		6F0CD60C1C51109400D09C01 /* Supporting Files */ = {
			isa = PBXGroup;
			children = (
				6F0CD60D1C51109400D09C01 /* main.m */,
			);
			name = "Supporting Files";
			sourceTree = "<group>";
		};
		6F0CD6251C51109500D09C01 /* DataSourcesTests */ = {
			isa = PBXGroup;
			children = (
				6F550A601C7DC2BD00846E46 /* TableView */,
				6FEC95E21C7B2EB600B1094E /* CollectionView */,
				6FEC95CA1C7752CB00B1094E /* Shared */,
				6FEC95C31C773F3400B1094E /* HelperCode */,
				0015F9BF1C7F55AD00179FD9 /* ContentProviders */,
				6F0CD6281C51109500D09C01 /* Info.plist */,
				6F4855521C7375BF0006F6E5 /* TECTableViewPresentationAdapterSpec.m */,
				6F4855561C739E030006F6E5 /* TECTableViewSectionHeaderExtenderSpec.m */,
				6F48555A1C739F870006F6E5 /* TECTableViewSectionFooterExtenderSpec.m */,
				6F48555C1C73AF2C0006F6E5 /* TECTableViewCellExtenderSpec.m */,
				6F48555E1C73B7120006F6E5 /* TECDelegateProxySpec.m */,
				6FD26B1C1C7614C1006A0E2F /* TECCollectionViewPresentationAdapterSpec.m */,
				6FEC95C11C771B6400B1094E /* TECCollectionViewCellRegistratorAdapterSpec.m */,
			);
			path = DataSourcesTests;
			sourceTree = "<group>";
		};
		6F550A2D1C7B5AF100846E46 /* SupplementaryRegistrationAdapter */ = {
			isa = PBXGroup;
			children = (
				6F550A2E1C7B5B1600846E46 /* TECCollectionViewSupplementaryRegistrationAdapterSpec.m */,
			);
			name = SupplementaryRegistrationAdapter;
			sourceTree = "<group>";
		};
		6F550A331C7B637700846E46 /* CellFactory */ = {
			isa = PBXGroup;
			children = (
				6F550A341C7B639200846E46 /* TECCollectionViewSimpleFactorySpec.m */,
			);
			name = CellFactory;
			sourceTree = "<group>";
		};
		6F550A3D1C7CBEE700846E46 /* BlockOperation */ = {
			isa = PBXGroup;
			children = (
				6F550A3E1C7CBEFA00846E46 /* TECBlockOperation.h */,
				6F550A3F1C7CBEFA00846E46 /* TECBlockOperation.m */,
			);
			name = BlockOperation;
			sourceTree = "<group>";
		};
		6F550A411C7CBF0300846E46 /* BlockOperation */ = {
			isa = PBXGroup;
			children = (
				6F550A421C7CBF1300846E46 /* TECBlockOperationSpec.m */,
			);
			name = BlockOperation;
			sourceTree = "<group>";
		};
		6F550A441C7DBC8900846E46 /* CollectionView */ = {
			isa = PBXGroup;
			children = (
				6F550A5A1C7DBCAE00846E46 /* RegistrationAdapters */,
				6F550A581C7DBCA200846E46 /* Extenders */,
				6F550A571C7DBC9B00846E46 /* PresentationAdapter */,
			);
			name = CollectionView;
			sourceTree = "<group>";
		};
		6F550A571C7DBC9B00846E46 /* PresentationAdapter */ = {
			isa = PBXGroup;
			children = (
				6F550A451C7DBC9600846E46 /* TECCollectionViewPresentationAdapter.h */,
				6F550A461C7DBC9600846E46 /* TECCollectionViewPresentationAdapter.m */,
			);
			name = PresentationAdapter;
			sourceTree = "<group>";
		};
		6F550A581C7DBCA200846E46 /* Extenders */ = {
			isa = PBXGroup;
			children = (
				6F550A4D1C7DBC9600846E46 /* TECCollectionViewSupplementaryExtender.h */,
				6F550A4E1C7DBC9600846E46 /* TECCollectionViewSupplementaryExtender.m */,
				6F550A4B1C7DBC9600846E46 /* TECCollectionViewExtender.h */,
				6F550A4C1C7DBC9600846E46 /* TECCollectionViewExtender.m */,
				6F550A471C7DBC9600846E46 /* TECCollectionViewCellExtender.h */,
				6F550A481C7DBC9600846E46 /* TECCollectionViewCellExtender.m */,
			);
			name = Extenders;
			sourceTree = "<group>";
		};
		6F550A5A1C7DBCAE00846E46 /* RegistrationAdapters */ = {
			isa = PBXGroup;
			children = (
				6F550A491C7DBC9600846E46 /* TECCollectionViewCellRegistratorAdapter.h */,
				6F550A4A1C7DBC9600846E46 /* TECCollectionViewCellRegistratorAdapter.m */,
				6F550A4F1C7DBC9600846E46 /* TECCollectionViewSupplementaryRegistrationAdapter.h */,
				6F550A501C7DBC9600846E46 /* TECCollectionViewSupplementaryRegistrationAdapter.m */,
			);
			name = RegistrationAdapters;
			sourceTree = "<group>";
		};
		6F550A5C1C7DC26B00846E46 /* RegistrationAdapters */ = {
			isa = PBXGroup;
			children = (
				6F550A5D1C7DC29900846E46 /* TECTableViewCellRegistrationAdapter.h */,
				6F550A5E1C7DC29900846E46 /* TECTableViewCellRegistrationAdapter.m */,
				6F550A641C7DDF0200846E46 /* TECTableViewHeaderFooterViewRegistrationAdapter.h */,
				6F550A651C7DDF0200846E46 /* TECTableViewHeaderFooterViewRegistrationAdapter.m */,
			);
			name = RegistrationAdapters;
			sourceTree = "<group>";
		};
		6F550A601C7DC2BD00846E46 /* TableView */ = {
			isa = PBXGroup;
			children = (
				6F0124EC1C8DDCD400646EB5 /* Extenders */,
				6F550A611C7DC2C200846E46 /* RegistrationAdapter */,
			);
			name = TableView;
			sourceTree = "<group>";
		};
		6F550A611C7DC2C200846E46 /* RegistrationAdapter */ = {
			isa = PBXGroup;
			children = (
				6F550A621C7DC2D300846E46 /* TECTableViewCellRegistrationAdapterSpec.m */,
				6F550A671C7DDF8F00846E46 /* TECTableViewHeaderFooterViewRegistrationAdapterSpec.m */,
			);
			name = RegistrationAdapter;
			sourceTree = "<group>";
		};
		6F59A9761C58E9790095289C /* Shared */ = {
			isa = PBXGroup;
			children = (
				6F03E4E71C96DB8B005C6DF7 /* Loader */,
				6F0124E31C8DD3E500646EB5 /* Extenders */,
				6F550A3D1C7CBEE700846E46 /* BlockOperation */,
				6FEC95D51C7B1F3300B1094E /* ReusableViewsFactory */,
				6FEC95B81C77163800B1094E /* ReusableViewsRegistrator */,
				6F59A97E1C58EAE90095289C /* SectionModel */,
				6F59A97C1C58EA9C0095289C /* DelegateProxy */,
				6F59A9791C58EA500095289C /* ContentProviders */,
			);
			name = Shared;
			sourceTree = "<group>";
		};
		6F59A9771C58E97F0095289C /* TableView */ = {
			isa = PBXGroup;
			children = (
				6F550A5C1C7DC26B00846E46 /* RegistrationAdapters */,
				6F59A97B1C58EA870095289C /* PresentationAdapter */,
				6F59A97A1C58EA610095289C /* Extenders */,
			);
			name = TableView;
			sourceTree = "<group>";
		};
		6F59A9791C58EA500095289C /* ContentProviders */ = {
			isa = PBXGroup;
			children = (
				6F59A9621C57C7D90095289C /* TECContentProviderProtocol.h */,
				6F59A9681C58CA650095289C /* TECMemoryContentProvider.h */,
				6F59A9691C58CA650095289C /* TECMemoryContentProvider.m */,
				6FB0892F1C5A75DF008AF389 /* TECContentProviderDelegate.h */,
				005F13731C6F713900765CC1 /* TECFetchedResultsControllerContentProvider.h */,
				005F13741C6F713900765CC1 /* TECFetchedResultsControllerContentProvider.m */,
				005F13761C6F720400765CC1 /* TECFetchedResultsControllerContentProviderMutator.h */,
				005F13771C6F725B00765CC1 /* TECFetchedResultsControllerContentProviderGetter.h */,
				005F13781C6F80CA00765CC1 /* TECBackgroundContextObjectMutator.h */,
				005F13791C6F80CA00765CC1 /* TECBackgroundContextObjectMutator.m */,
				005F137B1C6F80E900765CC1 /* TECMainContextObjectGetter.h */,
				005F137C1C6F80E900765CC1 /* TECMainContextObjectGetter.m */,
			);
			name = ContentProviders;
			sourceTree = "<group>";
		};
		6F59A97A1C58EA610095289C /* Extenders */ = {
			isa = PBXGroup;
			children = (
				6F59A9881C5911570095289C /* TECTableViewExtender.h */,
				6F59A9891C5911570095289C /* TECTableViewExtender.m */,
				6F59A97F1C58EC610095289C /* TECTableViewSectionHeaderExtender.h */,
				6F59A9801C58EC610095289C /* TECTableViewSectionHeaderExtender.m */,
				6F59A9821C58ECF70095289C /* TECTableViewSectionFooterExtender.h */,
				6F59A9831C58ECF70095289C /* TECTableViewSectionFooterExtender.m */,
				6FD285C51C591D0400A11316 /* TECTableViewCellExtender.h */,
				6FD285C61C591D0400A11316 /* TECTableViewCellExtender.m */,
				008D85651C63B51C002D82F3 /* TECTableViewEditingExtender.h */,
				008D85661C63B51C002D82F3 /* TECTableViewEditingExtender.m */,
				008D85681C63B561002D82F3 /* TECTableViewDeletingExtender.h */,
				008D85691C63B561002D82F3 /* TECTableViewDeletingExtender.m */,
				008D856E1C648F52002D82F3 /* TECTableViewReorderingExtender.h */,
				008D856F1C648F52002D82F3 /* TECTableViewReorderingExtender.m */,
			);
			name = Extenders;
			sourceTree = "<group>";
		};
		6F59A97B1C58EA870095289C /* PresentationAdapter */ = {
			isa = PBXGroup;
			children = (
				6F59A9501C57B8EB0095289C /* TECTableViewPresentationAdapter.h */,
				6F59A9511C57B8EB0095289C /* TECTableViewPresentationAdapter.m */,
			);
			name = PresentationAdapter;
			sourceTree = "<group>";
		};
		6F59A97C1C58EA9C0095289C /* DelegateProxy */ = {
			isa = PBXGroup;
			children = (
				6F59A9641C57DCAF0095289C /* TECDelegateProxy.h */,
				6F59A9651C57DCAF0095289C /* TECDelegateProxy.m */,
			);
			name = DelegateProxy;
			sourceTree = "<group>";
		};
		6F59A97E1C58EAE90095289C /* SectionModel */ = {
			isa = PBXGroup;
			children = (
				6F59A9631C57C86A0095289C /* TECSectionModelProtocol.h */,
				6F59A96B1C58CA990095289C /* TECMemorySectionModel.h */,
				6F59A96C1C58CA990095289C /* TECMemorySectionModel.m */,
				005F137E1C71ACFF00765CC1 /* TECCoreDataSectionModel.h */,
				005F137F1C71ACFF00765CC1 /* TECCoreDataSectionModel.m */,
			);
			name = SectionModel;
			sourceTree = "<group>";
		};
		6FEC95B81C77163800B1094E /* ReusableViewsRegistrator */ = {
			isa = PBXGroup;
			children = (
				6FEC95BB1C771A1B00B1094E /* TECReusableViewRegistrationAdapterProtocol.h */,
			);
			name = ReusableViewsRegistrator;
			sourceTree = "<group>";
		};
		6FEC95C31C773F3400B1094E /* HelperCode */ = {
			isa = PBXGroup;
			children = (
				6F4855601C73B89F0006F6E5 /* TECDelegateProxyTestModels.h */,
				6F4855611C73B89F0006F6E5 /* TECDelegateProxyTestModels.m */,
				6FEC95C41C773F4F00B1094E /* TECDummyModels.h */,
				6FEC95C51C773F4F00B1094E /* TECDummyModels.m */,
			);
			name = HelperCode;
			sourceTree = "<group>";
		};
		6FEC95CA1C7752CB00B1094E /* Shared */ = {
			isa = PBXGroup;
			children = (
				6F0124E71C8DD3FF00646EB5 /* Extenders */,
				6F550A411C7CBF0300846E46 /* BlockOperation */,
				6FEC95D61C7B1F4800B1094E /* ReusableViewsFactory */,
			);
			name = Shared;
			sourceTree = "<group>";
		};
		6FEC95D51C7B1F3300B1094E /* ReusableViewsFactory */ = {
			isa = PBXGroup;
			children = (
				6F550A301C7B636B00846E46 /* TECSimpleReusableViewFactory.h */,
				6F550A311C7B636B00846E46 /* TECSimpleReusableViewFactory.m */,
				6FEC95D71C7B1F6200B1094E /* TECReusableViewsFactory.h */,
				6FEC95D81C7B1F6200B1094E /* TECReusableViewsFactory.m */,
				6FEC95DE1C7B207A00B1094E /* TECReusableViewFactoryProtocol.h */,
			);
			name = ReusableViewsFactory;
			sourceTree = "<group>";
		};
		6FEC95D61C7B1F4800B1094E /* ReusableViewsFactory */ = {
			isa = PBXGroup;
			children = (
				6FEC95DA1C7B1F7000B1094E /* TECReusableViewsFactorySpec.m */,
				6FEC95DC1C7B1F8D00B1094E /* TECReusableViewsFactoryHelperSpec.m */,
			);
			name = ReusableViewsFactory;
			sourceTree = "<group>";
		};
		6FEC95E21C7B2EB600B1094E /* CollectionView */ = {
			isa = PBXGroup;
			children = (
				6F550A331C7B637700846E46 /* CellFactory */,
				6F550A2D1C7B5AF100846E46 /* SupplementaryRegistrationAdapter */,
				6FEC95E31C7B2EBD00B1094E /* Extenders */,
			);
			name = CollectionView;
			sourceTree = "<group>";
		};
		6FEC95E31C7B2EBD00B1094E /* Extenders */ = {
			isa = PBXGroup;
			children = (
				6F550A361C7B7F7600846E46 /* TECCollectionViewSupplementaryExtenderSpec.m */,
				6FEC95B41C76455900B1094E /* TECCollectionViewExtenderSpec.m */,
				6FEC95B61C7646DB00B1094E /* TECCollectionViewExtenderHelpers.m */,
				6FEC95E41C7B2ECB00B1094E /* TECCollectionViewCellExtenderSpec.m */,
			);
			name = Extenders;
			sourceTree = "<group>";
		};
/* End PBXGroup section */

/* Begin PBXNativeTarget section */
		6F0CD6081C51109400D09C01 /* DataSources */ = {
			isa = PBXNativeTarget;
			buildConfigurationList = 6F0CD62B1C51109500D09C01 /* Build configuration list for PBXNativeTarget "DataSources" */;
			buildPhases = (
				6F0CD6051C51109400D09C01 /* Sources */,
				6F0CD6061C51109400D09C01 /* Frameworks */,
				6F0CD6071C51109400D09C01 /* Resources */,
			);
			buildRules = (
			);
			dependencies = (
			);
			name = DataSources;
			productName = DataSources;
			productReference = 6F0CD6091C51109400D09C01 /* DataSources.app */;
			productType = "com.apple.product-type.application";
		};
		6F0CD6211C51109400D09C01 /* DataSourcesTests */ = {
			isa = PBXNativeTarget;
			buildConfigurationList = 6F0CD62E1C51109500D09C01 /* Build configuration list for PBXNativeTarget "DataSourcesTests" */;
			buildPhases = (
				F2FD005E9BDA2B0D13BE1174 /* Check Pods Manifest.lock */,
				6F0CD61E1C51109400D09C01 /* Sources */,
				6F0CD61F1C51109400D09C01 /* Frameworks */,
				6F0CD6201C51109400D09C01 /* Resources */,
				D6EE78F54AABF78D6ECBAB99 /* Copy Pods Resources */,
				012A04181D00CC456459B25F /* Embed Pods Frameworks */,
			);
			buildRules = (
			);
			dependencies = (
				6F0CD6241C51109400D09C01 /* PBXTargetDependency */,
			);
			name = DataSourcesTests;
			productName = DataSourcesTests;
			productReference = 6F0CD6221C51109400D09C01 /* DataSourcesTests.xctest */;
			productType = "com.apple.product-type.bundle.unit-test";
		};
/* End PBXNativeTarget section */

/* Begin PBXProject section */
		6F0CD6011C51109400D09C01 /* Project object */ = {
			isa = PBXProject;
			attributes = {
				CLASSPREFIX = TEC;
				LastUpgradeCheck = 0710;
				ORGANIZATIONNAME = "Alexey Fayzullov";
				TargetAttributes = {
					6F0CD6081C51109400D09C01 = {
						CreatedOnToolsVersion = 7.1.1;
					};
					6F0CD6211C51109400D09C01 = {
						CreatedOnToolsVersion = 7.1.1;
						TestTargetID = 6F0CD6081C51109400D09C01;
					};
				};
			};
			buildConfigurationList = 6F0CD6041C51109400D09C01 /* Build configuration list for PBXProject "DataSources" */;
			compatibilityVersion = "Xcode 3.2";
			developmentRegion = English;
			hasScannedForEncodings = 0;
			knownRegions = (
				en,
				Base,
			);
			mainGroup = 6F0CD6001C51109400D09C01;
			productRefGroup = 6F0CD60A1C51109400D09C01 /* Products */;
			projectDirPath = "";
			projectRoot = "";
			targets = (
				6F0CD6081C51109400D09C01 /* DataSources */,
				6F0CD6211C51109400D09C01 /* DataSourcesTests */,
			);
		};
/* End PBXProject section */

/* Begin PBXResourcesBuildPhase section */
		6F0CD6071C51109400D09C01 /* Resources */ = {
			isa = PBXResourcesBuildPhase;
			buildActionMask = 2147483647;
			files = (
				6F0CD61C1C51109400D09C01 /* LaunchScreen.storyboard in Resources */,
				6F0CD6191C51109400D09C01 /* Assets.xcassets in Resources */,
				6F0CD6171C51109400D09C01 /* Main.storyboard in Resources */,
			);
			runOnlyForDeploymentPostprocessing = 0;
		};
		6F0CD6201C51109400D09C01 /* Resources */ = {
			isa = PBXResourcesBuildPhase;
			buildActionMask = 2147483647;
			files = (
			);
			runOnlyForDeploymentPostprocessing = 0;
		};
/* End PBXResourcesBuildPhase section */

/* Begin PBXShellScriptBuildPhase section */
		012A04181D00CC456459B25F /* Embed Pods Frameworks */ = {
			isa = PBXShellScriptBuildPhase;
			buildActionMask = 2147483647;
			files = (
			);
			inputPaths = (
			);
			name = "Embed Pods Frameworks";
			outputPaths = (
			);
			runOnlyForDeploymentPostprocessing = 0;
			shellPath = /bin/sh;
			shellScript = "\"${SRCROOT}/Pods/Target Support Files/Pods-DataSourcesTests/Pods-DataSourcesTests-frameworks.sh\"\n";
			showEnvVarsInLog = 0;
		};
		D6EE78F54AABF78D6ECBAB99 /* Copy Pods Resources */ = {
			isa = PBXShellScriptBuildPhase;
			buildActionMask = 2147483647;
			files = (
			);
			inputPaths = (
			);
			name = "Copy Pods Resources";
			outputPaths = (
			);
			runOnlyForDeploymentPostprocessing = 0;
			shellPath = /bin/sh;
			shellScript = "\"${SRCROOT}/Pods/Target Support Files/Pods-DataSourcesTests/Pods-DataSourcesTests-resources.sh\"\n";
			showEnvVarsInLog = 0;
		};
		F2FD005E9BDA2B0D13BE1174 /* Check Pods Manifest.lock */ = {
			isa = PBXShellScriptBuildPhase;
			buildActionMask = 2147483647;
			files = (
			);
			inputPaths = (
			);
			name = "Check Pods Manifest.lock";
			outputPaths = (
			);
			runOnlyForDeploymentPostprocessing = 0;
			shellPath = /bin/sh;
			shellScript = "diff \"${PODS_ROOT}/../Podfile.lock\" \"${PODS_ROOT}/Manifest.lock\" > /dev/null\nif [[ $? != 0 ]] ; then\n    cat << EOM\nerror: The sandbox is not in sync with the Podfile.lock. Run 'pod install' or update your CocoaPods installation.\nEOM\n    exit 1\nfi\n";
			showEnvVarsInLog = 0;
		};
/* End PBXShellScriptBuildPhase section */

/* Begin PBXSourcesBuildPhase section */
		6F0CD6051C51109400D09C01 /* Sources */ = {
			isa = PBXSourcesBuildPhase;
			buildActionMask = 2147483647;
			files = (
				6F03E5101C972B30005C6DF7 /* TECPullToRefreshStateReady.m in Sources */,
				6F59A9841C58ECF70095289C /* TECTableViewSectionFooterExtender.m in Sources */,
				00AA47181C75E53900B2AD56 /* RootViewController.m in Sources */,
				005F137D1C6F80E900765CC1 /* TECMainContextObjectGetter.m in Sources */,
				00AA472D1C770EC400B2AD56 /* PersonOrdered.m in Sources */,
				6F03E5161C972B48005C6DF7 /* TECPullToRefreshStateClosing.m in Sources */,
				6F03E5001C972585005C6DF7 /* TECPullToRefreshStateInitial.m in Sources */,
				6FEC95D91C7B1F6200B1094E /* TECReusableViewsFactory.m in Sources */,
				6F550A521C7DBC9600846E46 /* TECCollectionViewCellExtender.m in Sources */,
				6F550A401C7CBEFA00846E46 /* TECBlockOperation.m in Sources */,
				6F550A321C7B636B00846E46 /* TECSimpleReusableViewFactory.m in Sources */,
				008D856A1C63B561002D82F3 /* TECTableViewDeletingExtender.m in Sources */,
				005F13801C71ACFF00765CC1 /* TECCoreDataSectionModel.m in Sources */,
				008D85701C648F52002D82F3 /* TECTableViewReorderingExtender.m in Sources */,
				6F03E4EE1C96DE9E005C6DF7 /* TECDummyLoader.m in Sources */,
				6F0CD6141C51109400D09C01 /* MemoryContentProviderViewController.m in Sources */,
				00AA47211C770E2100B2AD56 /* DataSources.xcdatamodeld in Sources */,
				6F0CD6111C51109400D09C01 /* AppDelegate.m in Sources */,
				6F59A96A1C58CA650095289C /* TECMemoryContentProvider.m in Sources */,
				00AA472A1C770EC400B2AD56 /* Person+CoreDataProperties.m in Sources */,
				00AA47581C7B359600B2AD56 /* BaseTableContentProviderViewController.m in Sources */,
				6F03E4E31C96D0AE005C6DF7 /* TECActivityIndicatorPullToRefresh.m in Sources */,
				6F59A9701C58CDC40095289C /* TECCustomCell.m in Sources */,
				6F59A9521C57B8EB0095289C /* TECTableViewPresentationAdapter.m in Sources */,
				6F550A661C7DDF0200846E46 /* TECTableViewHeaderFooterViewRegistrationAdapter.m in Sources */,
				6F59A98A1C5911570095289C /* TECTableViewExtender.m in Sources */,
				00AA471E1C77042A00B2AD56 /* CoreDataManager.m in Sources */,
				0015F9C81C8088CB00179FD9 /* FetchedResultsContentProviderSearchViewController.m in Sources */,
				0015F9BD1C7EEA8A00179FD9 /* TECDelegateProxy.m in Sources */,
				0015F9CB1C80A1E000179FD9 /* FetchedResultsContentProviderTwoEntitiesViewController.m in Sources */,
				6F550A511C7DBC9600846E46 /* TECCollectionViewPresentationAdapter.m in Sources */,
				6F550A531C7DBC9600846E46 /* TECCollectionViewCellRegistratorAdapter.m in Sources */,
				6F550A5F1C7DC29900846E46 /* TECTableViewCellRegistrationAdapter.m in Sources */,
				6F03E4F31C97120A005C6DF7 /* TECPullToRefreshState.m in Sources */,
				6F550A561C7DBC9600846E46 /* TECCollectionViewSupplementaryRegistrationAdapter.m in Sources */,
				6F0CD60E1C51109400D09C01 /* main.m in Sources */,
				00AA472C1C770EC400B2AD56 /* PersonOrdered+CoreDataProperties.m in Sources */,
				008D85671C63B51C002D82F3 /* TECTableViewEditingExtender.m in Sources */,
				6F59A9811C58EC610095289C /* TECTableViewSectionHeaderExtender.m in Sources */,
				6F0125281C9301D000646EB5 /* TECPullToRefreshExtender.m in Sources */,
				005F13751C6F713900765CC1 /* TECFetchedResultsControllerContentProvider.m in Sources */,
				6F550A541C7DBC9600846E46 /* TECCollectionViewExtender.m in Sources */,
				00AA472B1C770EC400B2AD56 /* Person.m in Sources */,
				00A4CA3D1C75DCFE00515A94 /* FetchedResultControllerContentProviderViewController.m in Sources */,
				6F03E50A1C972A57005C6DF7 /* TECPullToRefreshStatePulling.m in Sources */,
				6FD285C71C591D0400A11316 /* TECTableViewCellExtender.m in Sources */,
				00AA47551C7B26D000B2AD56 /* FetchedResultsContentProviderWorkaroundsViewController.m in Sources */,
				00AA471B1C77039500B2AD56 /* FetchedResultsContentProviderReorderingViewController.m in Sources */,
				6F03E5131C972B3C005C6DF7 /* TECPullToRefreshStateLoading.m in Sources */,
				005F137A1C6F80CA00765CC1 /* TECBackgroundContextObjectMutator.m in Sources */,
				6F59A96D1C58CA990095289C /* TECMemorySectionModel.m in Sources */,
				6F0124E61C8DD3F500646EB5 /* TECExtender.m in Sources */,
				6F03E5271C987640005C6DF7 /* TECScrollViewHelper.m in Sources */,
				6F550A551C7DBC9600846E46 /* TECCollectionViewSupplementaryExtender.m in Sources */,
			);
			runOnlyForDeploymentPostprocessing = 0;
		};
		6F0CD61E1C51109400D09C01 /* Sources */ = {
			isa = PBXSourcesBuildPhase;
			buildActionMask = 2147483647;
			files = (
				6F550A3C1C7B802D00846E46 /* TECCollectionViewExtenderHelpers.m in Sources */,
				6F4855531C7375BF0006F6E5 /* TECTableViewPresentationAdapterSpec.m in Sources */,
				6F4855621C73B89F0006F6E5 /* TECDelegateProxyTestModels.m in Sources */,
				6FEC95B51C76455900B1094E /* TECCollectionViewExtenderSpec.m in Sources */,
				6F0124EE1C8DDCEC00646EB5 /* TECTableViewExtenderHelpers.m in Sources */,
				6F4855571C739E030006F6E5 /* TECTableViewSectionHeaderExtenderSpec.m in Sources */,
				6FD26B1D1C7614C1006A0E2F /* TECCollectionViewPresentationAdapterSpec.m in Sources */,
				6F03E5221C982132005C6DF7 /* TECPullToRefreshStateClosingSpec.m in Sources */,
				6F03E4F91C97196F005C6DF7 /* TECPullToRefreshStateSpec.m in Sources */,
				6F550A2F1C7B5B1600846E46 /* TECCollectionViewSupplementaryRegistrationAdapterSpec.m in Sources */,
				6FEC95C21C771B6400B1094E /* TECCollectionViewCellRegistratorAdapterSpec.m in Sources */,
				6F550A631C7DC2D300846E46 /* TECTableViewCellRegistrationAdapterSpec.m in Sources */,
				6F03E5191C972BE6005C6DF7 /* TECPullToRefreshStatePullingSpec.m in Sources */,
				6FEC95C61C773F4F00B1094E /* TECDummyModels.m in Sources */,
				6F4855551C739C720006F6E5 /* TECTableViewExtenderSpec.m in Sources */,
				6F03E5061C9725CE005C6DF7 /* TECPullToRefreshStateInitialSpec.m in Sources */,
				6FEC95E51C7B2ECB00B1094E /* TECCollectionViewCellExtenderSpec.m in Sources */,
				6F0124EB1C8DD44C00646EB5 /* TECExtenderHelpersSpec.m in Sources */,
				6F550A381C7B7FC200846E46 /* TECCollectionViewSupplementaryExtenderSpec.m in Sources */,
				6F03E51F1C9735A3005C6DF7 /* TECPullToRefreshStateLoadingSpec.m in Sources */,
				6F550A431C7CBF1300846E46 /* TECBlockOperationSpec.m in Sources */,
				009B584C1C74D05B00CAC105 /* TECFetchedResultsControllerContentProviderSpec.m in Sources */,
				6F48555F1C73B7120006F6E5 /* TECDelegateProxySpec.m in Sources */,
				6F01252B1C93021300646EB5 /* TECPullToRefreshExtenderSpec.m in Sources */,
				6F550A351C7B639200846E46 /* TECCollectionViewSimpleFactorySpec.m in Sources */,
				6F48555D1C73AF2C0006F6E5 /* TECTableViewCellExtenderSpec.m in Sources */,
				6F03E4F71C971815005C6DF7 /* TECPullToRefreshStateSharedExampleSpec.m in Sources */,
				6F48555B1C739F870006F6E5 /* TECTableViewSectionFooterExtenderSpec.m in Sources */,
				6F03E51C1C973170005C6DF7 /* TECPullToRefreshStateReadySpec.m in Sources */,
				00A85D441C60D8FE00125C2C /* TECMemorySectionModelSpec.m in Sources */,
				6F0124E91C8DD40D00646EB5 /* TECExtenderSpec.m in Sources */,
				6FEC95DD1C7B1F8D00B1094E /* TECReusableViewsFactoryHelperSpec.m in Sources */,
				6F550A681C7DDF8F00846E46 /* TECTableViewHeaderFooterViewRegistrationAdapterSpec.m in Sources */,
				6FEC95DB1C7B1F7000B1094E /* TECReusableViewsFactorySpec.m in Sources */,
				00A85D461C60FCDA00125C2C /* TECMemoryContentProviderSpec.m in Sources */,
			);
			runOnlyForDeploymentPostprocessing = 0;
		};
/* End PBXSourcesBuildPhase section */

/* Begin PBXTargetDependency section */
		6F0CD6241C51109400D09C01 /* PBXTargetDependency */ = {
			isa = PBXTargetDependency;
			target = 6F0CD6081C51109400D09C01 /* DataSources */;
			targetProxy = 6F0CD6231C51109400D09C01 /* PBXContainerItemProxy */;
		};
/* End PBXTargetDependency section */

/* Begin PBXVariantGroup section */
		6F0CD6151C51109400D09C01 /* Main.storyboard */ = {
			isa = PBXVariantGroup;
			children = (
				6F0CD6161C51109400D09C01 /* Base */,
			);
			name = Main.storyboard;
			sourceTree = "<group>";
		};
		6F0CD61A1C51109400D09C01 /* LaunchScreen.storyboard */ = {
			isa = PBXVariantGroup;
			children = (
				6F0CD61B1C51109400D09C01 /* Base */,
			);
			name = LaunchScreen.storyboard;
			sourceTree = "<group>";
		};
/* End PBXVariantGroup section */

/* Begin XCBuildConfiguration section */
		6F0CD6291C51109500D09C01 /* Debug */ = {
			isa = XCBuildConfiguration;
			buildSettings = {
				ALWAYS_SEARCH_USER_PATHS = NO;
				CLANG_CXX_LANGUAGE_STANDARD = "gnu++0x";
				CLANG_CXX_LIBRARY = "libc++";
				CLANG_ENABLE_MODULES = YES;
				CLANG_ENABLE_OBJC_ARC = YES;
				CLANG_WARN_BOOL_CONVERSION = YES;
				CLANG_WARN_CONSTANT_CONVERSION = YES;
				CLANG_WARN_DIRECT_OBJC_ISA_USAGE = YES_ERROR;
				CLANG_WARN_EMPTY_BODY = YES;
				CLANG_WARN_ENUM_CONVERSION = YES;
				CLANG_WARN_INT_CONVERSION = YES;
				CLANG_WARN_OBJC_ROOT_CLASS = YES_ERROR;
				CLANG_WARN_UNREACHABLE_CODE = YES;
				CLANG_WARN__DUPLICATE_METHOD_MATCH = YES;
				"CODE_SIGN_IDENTITY[sdk=iphoneos*]" = "iPhone Developer";
				COPY_PHASE_STRIP = NO;
				DEBUG_INFORMATION_FORMAT = dwarf;
				ENABLE_STRICT_OBJC_MSGSEND = YES;
				ENABLE_TESTABILITY = YES;
				GCC_C_LANGUAGE_STANDARD = gnu99;
				GCC_DYNAMIC_NO_PIC = NO;
				GCC_NO_COMMON_BLOCKS = YES;
				GCC_OPTIMIZATION_LEVEL = 0;
				GCC_PREPROCESSOR_DEFINITIONS = (
					"DEBUG=1",
					"$(inherited)",
				);
				GCC_WARN_64_TO_32_BIT_CONVERSION = YES;
				GCC_WARN_ABOUT_RETURN_TYPE = YES_ERROR;
				GCC_WARN_UNDECLARED_SELECTOR = YES;
				GCC_WARN_UNINITIALIZED_AUTOS = YES_AGGRESSIVE;
				GCC_WARN_UNUSED_FUNCTION = YES;
				GCC_WARN_UNUSED_VARIABLE = YES;
				IPHONEOS_DEPLOYMENT_TARGET = 9.1;
				MTL_ENABLE_DEBUG_INFO = YES;
				ONLY_ACTIVE_ARCH = YES;
				SDKROOT = iphoneos;
			};
			name = Debug;
		};
		6F0CD62A1C51109500D09C01 /* Release */ = {
			isa = XCBuildConfiguration;
			buildSettings = {
				ALWAYS_SEARCH_USER_PATHS = NO;
				CLANG_CXX_LANGUAGE_STANDARD = "gnu++0x";
				CLANG_CXX_LIBRARY = "libc++";
				CLANG_ENABLE_MODULES = YES;
				CLANG_ENABLE_OBJC_ARC = YES;
				CLANG_WARN_BOOL_CONVERSION = YES;
				CLANG_WARN_CONSTANT_CONVERSION = YES;
				CLANG_WARN_DIRECT_OBJC_ISA_USAGE = YES_ERROR;
				CLANG_WARN_EMPTY_BODY = YES;
				CLANG_WARN_ENUM_CONVERSION = YES;
				CLANG_WARN_INT_CONVERSION = YES;
				CLANG_WARN_OBJC_ROOT_CLASS = YES_ERROR;
				CLANG_WARN_UNREACHABLE_CODE = YES;
				CLANG_WARN__DUPLICATE_METHOD_MATCH = YES;
				"CODE_SIGN_IDENTITY[sdk=iphoneos*]" = "iPhone Developer";
				COPY_PHASE_STRIP = NO;
				DEBUG_INFORMATION_FORMAT = "dwarf-with-dsym";
				ENABLE_NS_ASSERTIONS = NO;
				ENABLE_STRICT_OBJC_MSGSEND = YES;
				GCC_C_LANGUAGE_STANDARD = gnu99;
				GCC_NO_COMMON_BLOCKS = YES;
				GCC_WARN_64_TO_32_BIT_CONVERSION = YES;
				GCC_WARN_ABOUT_RETURN_TYPE = YES_ERROR;
				GCC_WARN_UNDECLARED_SELECTOR = YES;
				GCC_WARN_UNINITIALIZED_AUTOS = YES_AGGRESSIVE;
				GCC_WARN_UNUSED_FUNCTION = YES;
				GCC_WARN_UNUSED_VARIABLE = YES;
				IPHONEOS_DEPLOYMENT_TARGET = 9.1;
				MTL_ENABLE_DEBUG_INFO = NO;
				SDKROOT = iphoneos;
				VALIDATE_PRODUCT = YES;
			};
			name = Release;
		};
		6F0CD62C1C51109500D09C01 /* Debug */ = {
			isa = XCBuildConfiguration;
			buildSettings = {
				ASSETCATALOG_COMPILER_APPICON_NAME = AppIcon;
				GCC_TREAT_WARNINGS_AS_ERRORS = YES;
				INFOPLIST_FILE = DataSources/Info.plist;
				IPHONEOS_DEPLOYMENT_TARGET = 7.0;
				LD_RUNPATH_SEARCH_PATHS = "$(inherited) @executable_path/Frameworks";
				PRODUCT_BUNDLE_IDENTIFIER = io.techery.datasources.DataSources;
				PRODUCT_NAME = "$(TARGET_NAME)";
			};
			name = Debug;
		};
		6F0CD62D1C51109500D09C01 /* Release */ = {
			isa = XCBuildConfiguration;
			buildSettings = {
				ASSETCATALOG_COMPILER_APPICON_NAME = AppIcon;
				GCC_TREAT_WARNINGS_AS_ERRORS = YES;
				INFOPLIST_FILE = DataSources/Info.plist;
				IPHONEOS_DEPLOYMENT_TARGET = 7.0;
				LD_RUNPATH_SEARCH_PATHS = "$(inherited) @executable_path/Frameworks";
				PRODUCT_BUNDLE_IDENTIFIER = io.techery.datasources.DataSources;
				PRODUCT_NAME = "$(TARGET_NAME)";
			};
			name = Release;
		};
		6F0CD62F1C51109500D09C01 /* Debug */ = {
			isa = XCBuildConfiguration;
			baseConfigurationReference = 1EF957566F87E00C2CAB1977 /* Pods-DataSourcesTests.debug.xcconfig */;
			buildSettings = {
				BUNDLE_LOADER = "$(TEST_HOST)";
				FRAMEWORK_SEARCH_PATHS = "";
				GCC_TREAT_WARNINGS_AS_ERRORS = YES;
				INFOPLIST_FILE = DataSourcesTests/Info.plist;
				IPHONEOS_DEPLOYMENT_TARGET = 7.0;
				LD_RUNPATH_SEARCH_PATHS = "$(inherited) @executable_path/Frameworks @loader_path/Frameworks";
				PRODUCT_BUNDLE_IDENTIFIER = io.techery.datasources.DataSourcesTests;
				PRODUCT_NAME = "$(TARGET_NAME)";
				TEST_HOST = "$(BUILT_PRODUCTS_DIR)/DataSources.app/DataSources";
			};
			name = Debug;
		};
		6F0CD6301C51109500D09C01 /* Release */ = {
			isa = XCBuildConfiguration;
			baseConfigurationReference = 2BA9BBEB5BFFAD972BFA7ACE /* Pods-DataSourcesTests.release.xcconfig */;
			buildSettings = {
				BUNDLE_LOADER = "$(TEST_HOST)";
				FRAMEWORK_SEARCH_PATHS = "";
				GCC_TREAT_WARNINGS_AS_ERRORS = YES;
				INFOPLIST_FILE = DataSourcesTests/Info.plist;
				IPHONEOS_DEPLOYMENT_TARGET = 7.0;
				LD_RUNPATH_SEARCH_PATHS = "$(inherited) @executable_path/Frameworks @loader_path/Frameworks";
				PRODUCT_BUNDLE_IDENTIFIER = io.techery.datasources.DataSourcesTests;
				PRODUCT_NAME = "$(TARGET_NAME)";
				TEST_HOST = "$(BUILT_PRODUCTS_DIR)/DataSources.app/DataSources";
			};
			name = Release;
		};
/* End XCBuildConfiguration section */

/* Begin XCConfigurationList section */
		6F0CD6041C51109400D09C01 /* Build configuration list for PBXProject "DataSources" */ = {
			isa = XCConfigurationList;
			buildConfigurations = (
				6F0CD6291C51109500D09C01 /* Debug */,
				6F0CD62A1C51109500D09C01 /* Release */,
			);
			defaultConfigurationIsVisible = 0;
			defaultConfigurationName = Release;
		};
		6F0CD62B1C51109500D09C01 /* Build configuration list for PBXNativeTarget "DataSources" */ = {
			isa = XCConfigurationList;
			buildConfigurations = (
				6F0CD62C1C51109500D09C01 /* Debug */,
				6F0CD62D1C51109500D09C01 /* Release */,
			);
			defaultConfigurationIsVisible = 0;
			defaultConfigurationName = Release;
		};
		6F0CD62E1C51109500D09C01 /* Build configuration list for PBXNativeTarget "DataSourcesTests" */ = {
			isa = XCConfigurationList;
			buildConfigurations = (
				6F0CD62F1C51109500D09C01 /* Debug */,
				6F0CD6301C51109500D09C01 /* Release */,
			);
			defaultConfigurationIsVisible = 0;
			defaultConfigurationName = Release;
		};
/* End XCConfigurationList section */

/* Begin XCVersionGroup section */
		00AA471F1C770E2100B2AD56 /* DataSources.xcdatamodeld */ = {
			isa = XCVersionGroup;
			children = (
				00AA47201C770E2100B2AD56 /* DataSources.xcdatamodel */,
			);
			currentVersion = 00AA47201C770E2100B2AD56 /* DataSources.xcdatamodel */;
			path = DataSources.xcdatamodeld;
			sourceTree = "<group>";
			versionGroupType = wrapper.xcdatamodel;
		};
/* End XCVersionGroup section */
	};
	rootObject = 6F0CD6011C51109400D09C01 /* Project object */;
}
